<?xml version="1.0" encoding="utf-8"?>
<Project ToolsVersion="4.0" xmlns="http://schemas.microsoft.com/developer/msbuild/2003">
  <ItemGroup>
    <Filter Include="Header">
      <UniqueIdentifier>{05dd4742-f698-4a9d-bf65-3408b814d3ed}</UniqueIdentifier>
      <Extensions>h;hpp;inl</Extensions>
    </Filter>
    <Filter Include="Source">
      <UniqueIdentifier>{cd6be5bb-6fdf-45c7-9404-7ad663a654ac}</UniqueIdentifier>
      <Extensions>cpp</Extensions>
    </Filter>
  </ItemGroup>
  <ItemGroup>
    <ClCompile Include="BlendMode.cpp">
      <Filter>Source</Filter>
    </ClCompile>
    <ClCompile Include="CircleShape.cpp" />
    <ClCompile Include="Color.cpp" />
    <ClCompile Include="ConvexShape.cpp" />
    <ClCompile Include="Font.cpp" />
    <ClCompile Include="GLCheck.cpp" />
    <ClCompile Include="GLExtensions.cpp" />
    <ClCompile Include="GLLoader.cpp" />
    <ClCompile Include="Image.cpp" />
    <ClCompile Include="ImageLoader.cpp" />
    <ClCompile Include="RectangleShape.cpp" />
    <ClCompile Include="RenderStates.cpp" />
    <ClCompile Include="RenderTarget.cpp" />
    <ClCompile Include="RenderTexture.cpp" />
    <ClCompile Include="RenderTextureImpl.cpp" />
    <ClCompile Include="RenderTextureImplDefault.cpp" />
    <ClCompile Include="RenderTextureImplFBO.cpp" />
    <ClCompile Include="RenderWindow.cpp" />
    <ClCompile Include="Shader.cpp" />
    <ClCompile Include="Shape.cpp" />
    <ClCompile Include="Sprite.cpp" />
    <ClCompile Include="Text.cpp" />
    <ClCompile Include="Texture.cpp" />
    <ClCompile Include="TextureSaver.cpp" />
    <ClCompile Include="Transform.cpp" />
    <ClCompile Include="Transformable.cpp" />
    <ClCompile Include="Vertex.cpp" />
    <ClCompile Include="VertexArray.cpp" />
    <ClCompile Include="View.cpp" />
    <ClCompile Include="BlendMode.cpp">
      <Filter>Source</Filter>
    </ClCompile>
    <ClCompile Include="CircleShape.cpp" />
    <ClCompile Include="Color.cpp" />
    <ClCompile Include="ConvexShape.cpp" />
    <ClCompile Include="Font.cpp" />
    <ClCompile Include="GLCheck.cpp" />
    <ClCompile Include="GLExtensions.cpp" />
    <ClCompile Include="GLLoader.cpp" />
    <ClCompile Include="Image.cpp" />
    <ClCompile Include="ImageLoader.cpp" />
    <ClCompile Include="RectangleShape.cpp" />
    <ClCompile Include="RenderStates.cpp" />
    <ClCompile Include="RenderTarget.cpp" />
    <ClCompile Include="RenderTexture.cpp" />
    <ClCompile Include="RenderTextureImpl.cpp" />
    <ClCompile Include="RenderTextureImplDefault.cpp" />
    <ClCompile Include="RenderTextureImplFBO.cpp" />
    <ClCompile Include="RenderWindow.cpp" />
    <ClCompile Include="Shader.cpp" />
    <ClCompile Include="Shape.cpp" />
    <ClCompile Include="Sprite.cpp" />
    <ClCompile Include="Text.cpp" />
    <ClCompile Include="Texture.cpp" />
    <ClCompile Include="TextureSaver.cpp" />
    <ClCompile Include="Transform.cpp" />
    <ClCompile Include="Transformable.cpp" />
    <ClCompile Include="Vertex.cpp" />
    <ClCompile Include="VertexArray.cpp" />
    <ClCompile Include="View.cpp" />
    <ClCompile Include="BlendMode.cpp">
      <Filter>Source</Filter>
    </ClCompile>
    <ClCompile Include="CircleShape.cpp" />
    <ClCompile Include="Color.cpp" />
    <ClCompile Include="ConvexShape.cpp" />
    <ClCompile Include="Font.cpp" />
    <ClCompile Include="GLCheck.cpp" />
    <ClCompile Include="GLExtensions.cpp" />
    <ClCompile Include="GLLoader.cpp" />
    <ClCompile Include="Image.cpp" />
    <ClCompile Include="ImageLoader.cpp" />
    <ClCompile Include="RectangleShape.cpp" />
    <ClCompile Include="RenderStates.cpp" />
    <ClCompile Include="RenderTarget.cpp" />
    <ClCompile Include="RenderTexture.cpp" />
    <ClCompile Include="RenderTextureImpl.cpp" />
    <ClCompile Include="RenderTextureImplDefault.cpp" />
    <ClCompile Include="RenderTextureImplFBO.cpp" />
    <ClCompile Include="RenderWindow.cpp" />
    <ClCompile Include="Shader.cpp" />
    <ClCompile Include="Shape.cpp" />
    <ClCompile Include="Sprite.cpp" />
    <ClCompile Include="Text.cpp" />
    <ClCompile Include="Texture.cpp" />
    <ClCompile Include="TextureSaver.cpp" />
    <ClCompile Include="Transform.cpp" />
    <ClCompile Include="Transformable.cpp" />
    <ClCompile Include="Vertex.cpp" />
    <ClCompile Include="VertexArray.cpp" />
    <ClCompile Include="View.cpp" />
    <ClCompile Include="BlendMode.cpp">
      <Filter>Source</Filter>
    </ClCompile>
    <ClCompile Include="CircleShape.cpp" />
    <ClCompile Include="Color.cpp" />
    <ClCompile Include="ConvexShape.cpp" />
    <ClCompile Include="Font.cpp" />
    <ClCompile Include="GLCheck.cpp" />
    <ClCompile Include="GLExtensions.cpp" />
    <ClCompile Include="GLLoader.cpp" />
    <ClCompile Include="Image.cpp" />
    <ClCompile Include="ImageLoader.cpp" />
    <ClCompile Include="RectangleShape.cpp" />
    <ClCompile Include="RenderStates.cpp" />
    <ClCompile Include="RenderTarget.cpp" />
    <ClCompile Include="RenderTexture.cpp" />
    <ClCompile Include="RenderTextureImpl.cpp" />
    <ClCompile Include="RenderTextureImplDefault.cpp" />
    <ClCompile Include="RenderTextureImplFBO.cpp" />
    <ClCompile Include="RenderWindow.cpp" />
    <ClCompile Include="Shader.cpp" />
    <ClCompile Include="Shape.cpp" />
    <ClCompile Include="Sprite.cpp" />
    <ClCompile Include="Text.cpp" />
    <ClCompile Include="Texture.cpp" />
    <ClCompile Include="TextureSaver.cpp" />
    <ClCompile Include="Transform.cpp" />
    <ClCompile Include="Transformable.cpp" />
    <ClCompile Include="Vertex.cpp" />
    <ClCompile Include="VertexArray.cpp" />
    <ClCompile Include="View.cpp" />
    <ClCompile Include="BlendMode.cpp">
      <Filter>Source</Filter>
    </ClCompile>
    <ClCompile Include="CircleShape.cpp" />
    <ClCompile Include="Color.cpp" />
    <ClCompile Include="ConvexShape.cpp" />
    <ClCompile Include="Font.cpp" />
    <ClCompile Include="GLCheck.cpp" />
    <ClCompile Include="GLExtensions.cpp" />
    <ClCompile Include="GLLoader.cpp" />
    <ClCompile Include="Image.cpp" />
    <ClCompile Include="ImageLoader.cpp" />
    <ClCompile Include="RectangleShape.cpp" />
    <ClCompile Include="RenderStates.cpp" />
    <ClCompile Include="RenderTarget.cpp" />
    <ClCompile Include="RenderTexture.cpp" />
    <ClCompile Include="RenderTextureImpl.cpp" />
    <ClCompile Include="RenderTextureImplDefault.cpp" />
    <ClCompile Include="RenderTextureImplFBO.cpp" />
    <ClCompile Include="RenderWindow.cpp" />
    <ClCompile Include="Shader.cpp" />
    <ClCompile Include="Shape.cpp" />
    <ClCompile Include="Sprite.cpp" />
    <ClCompile Include="Text.cpp" />
    <ClCompile Include="Texture.cpp" />
    <ClCompile Include="TextureSaver.cpp" />
    <ClCompile Include="Transform.cpp" />
    <ClCompile Include="Transformable.cpp" />
    <ClCompile Include="Vertex.cpp" />
    <ClCompile Include="VertexArray.cpp" />
    <ClCompile Include="View.cpp" />
    <ClCompile Include="BlendMode.cpp">
      <Filter>Source</Filter>
    </ClCompile>
    <ClCompile Include="CircleShape.cpp" />
    <ClCompile Include="Color.cpp" />
    <ClCompile Include="ConvexShape.cpp" />
    <ClCompile Include="Font.cpp" />
    <ClCompile Include="GLCheck.cpp" />
    <ClCompile Include="GLExtensions.cpp" />
    <ClCompile Include="GLLoader.cpp" />
    <ClCompile Include="Image.cpp" />
    <ClCompile Include="ImageLoader.cpp" />
    <ClCompile Include="RectangleShape.cpp" />
    <ClCompile Include="RenderStates.cpp" />
    <ClCompile Include="RenderTarget.cpp" />
    <ClCompile Include="RenderTexture.cpp" />
    <ClCompile Include="RenderTextureImpl.cpp" />
    <ClCompile Include="RenderTextureImplDefault.cpp" />
    <ClCompile Include="RenderTextureImplFBO.cpp" />
    <ClCompile Include="RenderWindow.cpp" />
    <ClCompile Include="Shader.cpp" />
    <ClCompile Include="Shape.cpp" />
    <ClCompile Include="Sprite.cpp" />
    <ClCompile Include="Text.cpp" />
    <ClCompile Include="Texture.cpp" />
    <ClCompile Include="TextureSaver.cpp" />
    <ClCompile Include="Transform.cpp" />
    <ClCompile Include="Transformable.cpp" />
    <ClCompile Include="Vertex.cpp" />
    <ClCompile Include="VertexArray.cpp" />
    <ClCompile Include="View.cpp" />
    <ClCompile Include="BlendMode.cpp">
      <Filter>Source</Filter>
    </ClCompile>
    <ClCompile Include="CircleShape.cpp" />
    <ClCompile Include="Color.cpp" />
    <ClCompile Include="ConvexShape.cpp" />
    <ClCompile Include="Font.cpp" />
    <ClCompile Include="GLCheck.cpp" />
    <ClCompile Include="GLExtensions.cpp" />
    <ClCompile Include="GLLoader.cpp" />
    <ClCompile Include="Image.cpp" />
    <ClCompile Include="ImageLoader.cpp" />
    <ClCompile Include="RectangleShape.cpp" />
    <ClCompile Include="RenderStates.cpp" />
    <ClCompile Include="RenderTarget.cpp" />
    <ClCompile Include="RenderTexture.cpp" />
    <ClCompile Include="RenderTextureImpl.cpp" />
    <ClCompile Include="RenderTextureImplDefault.cpp" />
    <ClCompile Include="RenderTextureImplFBO.cpp" />
    <ClCompile Include="RenderWindow.cpp" />
    <ClCompile Include="Shader.cpp" />
    <ClCompile Include="Shape.cpp" />
    <ClCompile Include="Sprite.cpp" />
    <ClCompile Include="Text.cpp" />
    <ClCompile Include="Texture.cpp" />
    <ClCompile Include="TextureSaver.cpp" />
    <ClCompile Include="Transform.cpp" />
    <ClCompile Include="Transformable.cpp" />
    <ClCompile Include="Vertex.cpp" />
    <ClCompile Include="VertexArray.cpp" />
    <ClCompile Include="View.cpp" />
    <ClCompile Include="BlendMode.cpp">
      <Filter>Source</Filter>
    </ClCompile>
    <ClCompile Include="CircleShape.cpp" />
    <ClCompile Include="Color.cpp" />
    <ClCompile Include="ConvexShape.cpp" />
    <ClCompile Include="Font.cpp" />
    <ClCompile Include="GLCheck.cpp" />
    <ClCompile Include="GLExtensions.cpp" />
    <ClCompile Include="GLLoader.cpp" />
    <ClCompile Include="Image.cpp" />
    <ClCompile Include="ImageLoader.cpp" />
    <ClCompile Include="RectangleShape.cpp" />
    <ClCompile Include="RenderStates.cpp" />
    <ClCompile Include="RenderTarget.cpp" />
    <ClCompile Include="RenderTexture.cpp" />
    <ClCompile Include="RenderTextureImpl.cpp" />
    <ClCompile Include="RenderTextureImplDefault.cpp" />
    <ClCompile Include="RenderTextureImplFBO.cpp" />
    <ClCompile Include="RenderWindow.cpp" />
    <ClCompile Include="Shader.cpp" />
    <ClCompile Include="Shape.cpp" />
    <ClCompile Include="Sprite.cpp" />
    <ClCompile Include="Text.cpp" />
    <ClCompile Include="Texture.cpp" />
    <ClCompile Include="TextureSaver.cpp" />
    <ClCompile Include="Transform.cpp" />
    <ClCompile Include="Transformable.cpp" />
    <ClCompile Include="Vertex.cpp" />
    <ClCompile Include="VertexArray.cpp" />
    <ClCompile Include="View.cpp" />
    <ClCompile Include="BlendMode.cpp">
      <Filter>Source</Filter>
    </ClCompile>
    <ClCompile Include="CircleShape.cpp" />
    <ClCompile Include="Color.cpp" />
    <ClCompile Include="ConvexShape.cpp" />
    <ClCompile Include="Font.cpp" />
    <ClCompile Include="GLCheck.cpp" />
    <ClCompile Include="GLExtensions.cpp" />
    <ClCompile Include="GLLoader.cpp" />
    <ClCompile Include="Image.cpp" />
    <ClCompile Include="ImageLoader.cpp" />
    <ClCompile Include="RectangleShape.cpp" />
    <ClCompile Include="RenderStates.cpp" />
    <ClCompile Include="RenderTarget.cpp" />
    <ClCompile Include="RenderTexture.cpp" />
    <ClCompile Include="RenderTextureImpl.cpp" />
    <ClCompile Include="RenderTextureImplDefault.cpp" />
    <ClCompile Include="RenderTextureImplFBO.cpp" />
    <ClCompile Include="RenderWindow.cpp" />
    <ClCompile Include="Shader.cpp" />
    <ClCompile Include="Shape.cpp" />
    <ClCompile Include="Sprite.cpp" />
    <ClCompile Include="Text.cpp" />
    <ClCompile Include="Texture.cpp" />
    <ClCompile Include="TextureSaver.cpp" />
    <ClCompile Include="Transform.cpp" />
    <ClCompile Include="Transformable.cpp" />
    <ClCompile Include="Vertex.cpp" />
    <ClCompile Include="VertexArray.cpp" />
    <ClCompile Include="View.cpp" />
    <ClCompile Include="BlendMode.cpp">
      <Filter>Source</Filter>
    </ClCompile>
    <ClCompile Include="CircleShape.cpp" />
    <ClCompile Include="Color.cpp" />
    <ClCompile Include="ConvexShape.cpp" />
    <ClCompile Include="Font.cpp" />
    <ClCompile Include="GLCheck.cpp" />
    <ClCompile Include="GLExtensions.cpp" />
    <ClCompile Include="GLLoader.cpp" />
    <ClCompile Include="Image.cpp" />
    <ClCompile Include="ImageLoader.cpp" />
    <ClCompile Include="RectangleShape.cpp" />
    <ClCompile Include="RenderStates.cpp" />
    <ClCompile Include="RenderTarget.cpp" />
    <ClCompile Include="RenderTexture.cpp" />
    <ClCompile Include="RenderTextureImpl.cpp" />
    <ClCompile Include="RenderTextureImplDefault.cpp" />
    <ClCompile Include="RenderTextureImplFBO.cpp" />
    <ClCompile Include="RenderWindow.cpp" />
    <ClCompile Include="Shader.cpp" />
    <ClCompile Include="Shape.cpp" />
    <ClCompile Include="Sprite.cpp" />
    <ClCompile Include="Text.cpp" />
    <ClCompile Include="Texture.cpp" />
    <ClCompile Include="TextureSaver.cpp" />
    <ClCompile Include="Transform.cpp" />
    <ClCompile Include="Transformable.cpp" />
    <ClCompile Include="Vertex.cpp" />
    <ClCompile Include="VertexArray.cpp" />
    <ClCompile Include="View.cpp" />
    <ClCompile Include="BlendMode.cpp">
      <Filter>Source</Filter>
    </ClCompile>
    <ClCompile Include="CircleShape.cpp" />
    <ClCompile Include="Color.cpp" />
    <ClCompile Include="ConvexShape.cpp" />
    <ClCompile Include="Font.cpp" />
    <ClCompile Include="GLCheck.cpp" />
    <ClCompile Include="GLExtensions.cpp" />
    <ClCompile Include="GLLoader.cpp" />
    <ClCompile Include="Image.cpp" />
    <ClCompile Include="ImageLoader.cpp" />
    <ClCompile Include="RectangleShape.cpp" />
    <ClCompile Include="RenderStates.cpp" />
    <ClCompile Include="RenderTarget.cpp" />
    <ClCompile Include="RenderTexture.cpp" />
    <ClCompile Include="RenderTextureImpl.cpp" />
    <ClCompile Include="RenderTextureImplDefault.cpp" />
    <ClCompile Include="RenderTextureImplFBO.cpp" />
    <ClCompile Include="RenderWindow.cpp" />
    <ClCompile Include="Shader.cpp" />
    <ClCompile Include="Shape.cpp" />
    <ClCompile Include="Sprite.cpp" />
    <ClCompile Include="Text.cpp" />
    <ClCompile Include="Texture.cpp" />
    <ClCompile Include="TextureSaver.cpp" />
    <ClCompile Include="Transform.cpp" />
    <ClCompile Include="Transformable.cpp" />
    <ClCompile Include="Vertex.cpp" />
    <ClCompile Include="VertexArray.cpp" />
    <ClCompile Include="View.cpp" />
    <ClCompile Include="BlendMode.cpp">
      <Filter>Source</Filter>
    </ClCompile>
    <ClCompile Include="CircleShape.cpp" />
    <ClCompile Include="Color.cpp" />
    <ClCompile Include="ConvexShape.cpp" />
    <ClCompile Include="Font.cpp" />
    <ClCompile Include="GLCheck.cpp" />
    <ClCompile Include="GLExtensions.cpp" />
    <ClCompile Include="GLLoader.cpp" />
    <ClCompile Include="Image.cpp" />
    <ClCompile Include="ImageLoader.cpp" />
    <ClCompile Include="RectangleShape.cpp" />
    <ClCompile Include="RenderStates.cpp" />
    <ClCompile Include="RenderTarget.cpp" />
    <ClCompile Include="RenderTexture.cpp" />
    <ClCompile Include="RenderTextureImpl.cpp" />
    <ClCompile Include="RenderTextureImplDefault.cpp" />
    <ClCompile Include="RenderTextureImplFBO.cpp" />
    <ClCompile Include="RenderWindow.cpp" />
    <ClCompile Include="Shader.cpp" />
    <ClCompile Include="Shape.cpp" />
    <ClCompile Include="Sprite.cpp" />
    <ClCompile Include="Text.cpp" />
    <ClCompile Include="Texture.cpp" />
    <ClCompile Include="TextureSaver.cpp" />
    <ClCompile Include="Transform.cpp" />
    <ClCompile Include="Transformable.cpp" />
    <ClCompile Include="Vertex.cpp" />
    <ClCompile Include="VertexArray.cpp" />
    <ClCompile Include="View.cpp" />
    <ClCompile Include="BlendMode.cpp">
      <Filter>Source</Filter>
    </ClCompile>
    <ClCompile Include="CircleShape.cpp" />
    <ClCompile Include="Color.cpp" />
    <ClCompile Include="ConvexShape.cpp" />
    <ClCompile Include="Font.cpp" />
    <ClCompile Include="GLCheck.cpp" />
    <ClCompile Include="GLExtensions.cpp" />
    <ClCompile Include="GLLoader.cpp" />
    <ClCompile Include="Image.cpp" />
    <ClCompile Include="ImageLoader.cpp" />
    <ClCompile Include="RectangleShape.cpp" />
    <ClCompile Include="RenderStates.cpp" />
    <ClCompile Include="RenderTarget.cpp" />
    <ClCompile Include="RenderTexture.cpp" />
    <ClCompile Include="RenderTextureImpl.cpp" />
    <ClCompile Include="RenderTextureImplDefault.cpp" />
    <ClCompile Include="RenderTextureImplFBO.cpp" />
    <ClCompile Include="RenderWindow.cpp" />
    <ClCompile Include="Shader.cpp" />
    <ClCompile Include="Shape.cpp" />
    <ClCompile Include="Sprite.cpp" />
    <ClCompile Include="Text.cpp" />
    <ClCompile Include="Texture.cpp" />
    <ClCompile Include="TextureSaver.cpp" />
    <ClCompile Include="Transform.cpp" />
    <ClCompile Include="Transformable.cpp" />
    <ClCompile Include="Vertex.cpp" />
    <ClCompile Include="VertexArray.cpp" />
    <ClCompile Include="View.cpp" />
    <ClCompile Include="BlendMode.cpp">
      <Filter>Source</Filter>
    </ClCompile>
    <ClCompile Include="CircleShape.cpp" />
    <ClCompile Include="Color.cpp" />
    <ClCompile Include="ConvexShape.cpp" />
    <ClCompile Include="Font.cpp" />
    <ClCompile Include="GLCheck.cpp" />
    <ClCompile Include="GLExtensions.cpp" />
    <ClCompile Include="GLLoader.cpp" />
    <ClCompile Include="Image.cpp" />
    <ClCompile Include="ImageLoader.cpp" />
    <ClCompile Include="RectangleShape.cpp" />
    <ClCompile Include="RenderStates.cpp" />
    <ClCompile Include="RenderTarget.cpp" />
    <ClCompile Include="RenderTexture.cpp" />
    <ClCompile Include="RenderTextureImpl.cpp" />
    <ClCompile Include="RenderTextureImplDefault.cpp" />
    <ClCompile Include="RenderTextureImplFBO.cpp" />
    <ClCompile Include="RenderWindow.cpp" />
    <ClCompile Include="Shader.cpp" />
    <ClCompile Include="Shape.cpp" />
    <ClCompile Include="Sprite.cpp" />
    <ClCompile Include="Text.cpp" />
    <ClCompile Include="Texture.cpp" />
    <ClCompile Include="TextureSaver.cpp" />
    <ClCompile Include="Transform.cpp" />
    <ClCompile Include="Transformable.cpp" />
    <ClCompile Include="Vertex.cpp" />
    <ClCompile Include="VertexArray.cpp" />
    <ClCompile Include="View.cpp" />
    <ClCompile Include="BlendMode.cpp">
      <Filter>Source</Filter>
    </ClCompile>
    <ClCompile Include="CircleShape.cpp" />
    <ClCompile Include="Color.cpp" />
    <ClCompile Include="ConvexShape.cpp" />
    <ClCompile Include="Font.cpp" />
    <ClCompile Include="GLCheck.cpp" />
    <ClCompile Include="GLExtensions.cpp" />
    <ClCompile Include="GLLoader.cpp" />
    <ClCompile Include="Image.cpp" />
    <ClCompile Include="ImageLoader.cpp" />
    <ClCompile Include="RectangleShape.cpp" />
    <ClCompile Include="RenderStates.cpp" />
    <ClCompile Include="RenderTarget.cpp" />
    <ClCompile Include="RenderTexture.cpp" />
    <ClCompile Include="RenderTextureImpl.cpp" />
    <ClCompile Include="RenderTextureImplDefault.cpp" />
    <ClCompile Include="RenderTextureImplFBO.cpp" />
    <ClCompile Include="RenderWindow.cpp" />
    <ClCompile Include="Shader.cpp" />
    <ClCompile Include="Shape.cpp" />
    <ClCompile Include="Sprite.cpp" />
    <ClCompile Include="Text.cpp" />
    <ClCompile Include="Texture.cpp" />
    <ClCompile Include="TextureSaver.cpp" />
    <ClCompile Include="Transform.cpp" />
    <ClCompile Include="Transformable.cpp" />
    <ClCompile Include="Vertex.cpp" />
    <ClCompile Include="VertexArray.cpp" />
    <ClCompile Include="View.cpp" />
    <ClCompile Include="BlendMode.cpp">
      <Filter>Source</Filter>
    </ClCompile>
    <ClCompile Include="CircleShape.cpp" />
    <ClCompile Include="Color.cpp" />
    <ClCompile Include="ConvexShape.cpp" />
    <ClCompile Include="Font.cpp" />
    <ClCompile Include="GLCheck.cpp" />
    <ClCompile Include="GLExtensions.cpp" />
    <ClCompile Include="GLLoader.cpp" />
    <ClCompile Include="Image.cpp" />
    <ClCompile Include="ImageLoader.cpp" />
    <ClCompile Include="RectangleShape.cpp" />
    <ClCompile Include="RenderStates.cpp" />
    <ClCompile Include="RenderTarget.cpp" />
    <ClCompile Include="RenderTexture.cpp" />
    <ClCompile Include="RenderTextureImpl.cpp" />
    <ClCompile Include="RenderTextureImplDefault.cpp" />
    <ClCompile Include="RenderTextureImplFBO.cpp" />
    <ClCompile Include="RenderWindow.cpp" />
    <ClCompile Include="Shader.cpp" />
    <ClCompile Include="Shape.cpp" />
    <ClCompile Include="Sprite.cpp" />
    <ClCompile Include="Text.cpp" />
    <ClCompile Include="Texture.cpp" />
    <ClCompile Include="TextureSaver.cpp" />
    <ClCompile Include="Transform.cpp" />
    <ClCompile Include="Transformable.cpp" />
    <ClCompile Include="Vertex.cpp" />
    <ClCompile Include="VertexArray.cpp" />
    <ClCompile Include="View.cpp" />
    <ClCompile Include="BlendMode.cpp">
      <Filter>Source</Filter>
    </ClCompile>
    <ClCompile Include="CircleShape.cpp" />
    <ClCompile Include="Color.cpp" />
    <ClCompile Include="ConvexShape.cpp" />
    <ClCompile Include="Font.cpp" />
    <ClCompile Include="GLCheck.cpp" />
    <ClCompile Include="GLExtensions.cpp" />
    <ClCompile Include="GLLoader.cpp" />
    <ClCompile Include="Image.cpp" />
    <ClCompile Include="ImageLoader.cpp" />
    <ClCompile Include="RectangleShape.cpp" />
    <ClCompile Include="RenderStates.cpp" />
    <ClCompile Include="RenderTarget.cpp" />
    <ClCompile Include="RenderTexture.cpp" />
    <ClCompile Include="RenderTextureImpl.cpp" />
    <ClCompile Include="RenderTextureImplDefault.cpp" />
    <ClCompile Include="RenderTextureImplFBO.cpp" />
    <ClCompile Include="RenderWindow.cpp" />
    <ClCompile Include="Shader.cpp" />
    <ClCompile Include="Shape.cpp" />
    <ClCompile Include="Sprite.cpp" />
    <ClCompile Include="Text.cpp" />
    <ClCompile Include="Texture.cpp" />
    <ClCompile Include="TextureSaver.cpp" />
    <ClCompile Include="Transform.cpp" />
    <ClCompile Include="Transformable.cpp" />
    <ClCompile Include="Vertex.cpp" />
    <ClCompile Include="VertexArray.cpp" />
    <ClCompile Include="View.cpp" />
    <ClCompile Include="BlendMode.cpp">
      <Filter>Source</Filter>
    </ClCompile>
    <ClCompile Include="CircleShape.cpp" />
    <ClCompile Include="Color.cpp" />
    <ClCompile Include="ConvexShape.cpp" />
    <ClCompile Include="Font.cpp" />
    <ClCompile Include="GLCheck.cpp" />
    <ClCompile Include="GLExtensions.cpp" />
    <ClCompile Include="GLLoader.cpp" />
    <ClCompile Include="Image.cpp" />
    <ClCompile Include="ImageLoader.cpp" />
    <ClCompile Include="RectangleShape.cpp" />
    <ClCompile Include="RenderStates.cpp" />
    <ClCompile Include="RenderTarget.cpp" />
    <ClCompile Include="RenderTexture.cpp" />
    <ClCompile Include="RenderTextureImpl.cpp" />
    <ClCompile Include="RenderTextureImplDefault.cpp" />
    <ClCompile Include="RenderTextureImplFBO.cpp" />
    <ClCompile Include="RenderWindow.cpp" />
    <ClCompile Include="Shader.cpp" />
    <ClCompile Include="Shape.cpp" />
    <ClCompile Include="Sprite.cpp" />
    <ClCompile Include="Text.cpp" />
    <ClCompile Include="Texture.cpp" />
    <ClCompile Include="TextureSaver.cpp" />
    <ClCompile Include="Transform.cpp" />
    <ClCompile Include="Transformable.cpp" />
    <ClCompile Include="Vertex.cpp" />
    <ClCompile Include="VertexArray.cpp" />
    <ClCompile Include="View.cpp" />
    <ClCompile Include="BlendMode.cpp">
      <Filter>Source</Filter>
    </ClCompile>
    <ClCompile Include="CircleShape.cpp" />
    <ClCompile Include="Color.cpp" />
    <ClCompile Include="ConvexShape.cpp" />
    <ClCompile Include="Font.cpp" />
    <ClCompile Include="GLCheck.cpp" />
    <ClCompile Include="GLExtensions.cpp" />
    <ClCompile Include="GLLoader.cpp" />
    <ClCompile Include="Image.cpp" />
    <ClCompile Include="ImageLoader.cpp" />
    <ClCompile Include="RectangleShape.cpp" />
    <ClCompile Include="RenderStates.cpp" />
    <ClCompile Include="RenderTarget.cpp" />
    <ClCompile Include="RenderTexture.cpp" />
    <ClCompile Include="RenderTextureImpl.cpp" />
    <ClCompile Include="RenderTextureImplDefault.cpp" />
    <ClCompile Include="RenderTextureImplFBO.cpp" />
    <ClCompile Include="RenderWindow.cpp" />
    <ClCompile Include="Shader.cpp" />
    <ClCompile Include="Shape.cpp" />
    <ClCompile Include="Sprite.cpp" />
    <ClCompile Include="Text.cpp" />
    <ClCompile Include="Texture.cpp" />
    <ClCompile Include="TextureSaver.cpp" />
    <ClCompile Include="Transform.cpp" />
    <ClCompile Include="Transformable.cpp" />
    <ClCompile Include="Vertex.cpp" />
    <ClCompile Include="VertexArray.cpp" />
    <ClCompile Include="View.cpp" />
    <ClCompile Include="BlendMode.cpp">
      <Filter>Source</Filter>
    </ClCompile>
    <ClCompile Include="CircleShape.cpp" />
    <ClCompile Include="Color.cpp" />
    <ClCompile Include="ConvexShape.cpp" />
    <ClCompile Include="Font.cpp" />
    <ClCompile Include="GLCheck.cpp" />
    <ClCompile Include="GLExtensions.cpp" />
    <ClCompile Include="GLLoader.cpp" />
    <ClCompile Include="Image.cpp" />
    <ClCompile Include="ImageLoader.cpp" />
    <ClCompile Include="RectangleShape.cpp" />
    <ClCompile Include="RenderStates.cpp" />
    <ClCompile Include="RenderTarget.cpp" />
    <ClCompile Include="RenderTexture.cpp" />
    <ClCompile Include="RenderTextureImpl.cpp" />
    <ClCompile Include="RenderTextureImplDefault.cpp" />
    <ClCompile Include="RenderTextureImplFBO.cpp" />
    <ClCompile Include="RenderWindow.cpp" />
    <ClCompile Include="Shader.cpp" />
    <ClCompile Include="Shape.cpp" />
    <ClCompile Include="Sprite.cpp" />
    <ClCompile Include="Text.cpp" />
    <ClCompile Include="Texture.cpp" />
    <ClCompile Include="TextureSaver.cpp" />
    <ClCompile Include="Transform.cpp" />
    <ClCompile Include="Transformable.cpp" />
    <ClCompile Include="Vertex.cpp" />
    <ClCompile Include="VertexArray.cpp" />
    <ClCompile Include="View.cpp" />
    <ClCompile Include="BlendMode.cpp">
      <Filter>Source</Filter>
    </ClCompile>
    <ClCompile Include="CircleShape.cpp" />
    <ClCompile Include="Color.cpp" />
    <ClCompile Include="ConvexShape.cpp" />
    <ClCompile Include="Font.cpp" />
    <ClCompile Include="GLCheck.cpp" />
    <ClCompile Include="GLExtensions.cpp" />
    <ClCompile Include="GLLoader.cpp" />
    <ClCompile Include="Image.cpp" />
    <ClCompile Include="ImageLoader.cpp" />
    <ClCompile Include="RectangleShape.cpp" />
    <ClCompile Include="RenderStates.cpp" />
    <ClCompile Include="RenderTarget.cpp" />
    <ClCompile Include="RenderTexture.cpp" />
    <ClCompile Include="RenderTextureImpl.cpp" />
    <ClCompile Include="RenderTextureImplDefault.cpp" />
    <ClCompile Include="RenderTextureImplFBO.cpp" />
    <ClCompile Include="RenderWindow.cpp" />
    <ClCompile Include="Shader.cpp" />
    <ClCompile Include="Shape.cpp" />
    <ClCompile Include="Sprite.cpp" />
    <ClCompile Include="Text.cpp" />
    <ClCompile Include="Texture.cpp" />
    <ClCompile Include="TextureSaver.cpp" />
    <ClCompile Include="Transform.cpp" />
    <ClCompile Include="Transformable.cpp" />
    <ClCompile Include="Vertex.cpp" />
    <ClCompile Include="VertexArray.cpp" />
    <ClCompile Include="View.cpp" />
    <ClCompile Include="BlendMode.cpp">
      <Filter>Source</Filter>
    </ClCompile>
    <ClCompile Include="CircleShape.cpp" />
    <ClCompile Include="Color.cpp" />
    <ClCompile Include="ConvexShape.cpp" />
    <ClCompile Include="Font.cpp" />
    <ClCompile Include="GLCheck.cpp" />
    <ClCompile Include="GLExtensions.cpp" />
    <ClCompile Include="GLLoader.cpp" />
    <ClCompile Include="Image.cpp" />
    <ClCompile Include="ImageLoader.cpp" />
    <ClCompile Include="RectangleShape.cpp" />
    <ClCompile Include="RenderStates.cpp" />
    <ClCompile Include="RenderTarget.cpp" />
    <ClCompile Include="RenderTexture.cpp" />
    <ClCompile Include="RenderTextureImpl.cpp" />
    <ClCompile Include="RenderTextureImplDefault.cpp" />
    <ClCompile Include="RenderTextureImplFBO.cpp" />
    <ClCompile Include="RenderWindow.cpp" />
    <ClCompile Include="Shader.cpp" />
    <ClCompile Include="Shape.cpp" />
    <ClCompile Include="Sprite.cpp" />
    <ClCompile Include="Text.cpp" />
    <ClCompile Include="Texture.cpp" />
    <ClCompile Include="TextureSaver.cpp" />
    <ClCompile Include="Transform.cpp" />
    <ClCompile Include="Transformable.cpp" />
    <ClCompile Include="Vertex.cpp" />
    <ClCompile Include="VertexArray.cpp" />
    <ClCompile Include="View.cpp" />
    <ClCompile Include="BlendMode.cpp">
      <Filter>Source</Filter>
    </ClCompile>
    <ClCompile Include="CircleShape.cpp" />
    <ClCompile Include="Color.cpp" />
    <ClCompile Include="ConvexShape.cpp" />
    <ClCompile Include="Font.cpp" />
    <ClCompile Include="GLCheck.cpp" />
    <ClCompile Include="GLExtensions.cpp" />
    <ClCompile Include="GLLoader.cpp" />
    <ClCompile Include="Image.cpp" />
    <ClCompile Include="ImageLoader.cpp" />
    <ClCompile Include="RectangleShape.cpp" />
    <ClCompile Include="RenderStates.cpp" />
    <ClCompile Include="RenderTarget.cpp" />
    <ClCompile Include="RenderTexture.cpp" />
    <ClCompile Include="RenderTextureImpl.cpp" />
    <ClCompile Include="RenderTextureImplDefault.cpp" />
    <ClCompile Include="RenderTextureImplFBO.cpp" />
    <ClCompile Include="RenderWindow.cpp" />
    <ClCompile Include="Shader.cpp" />
    <ClCompile Include="Shape.cpp" />
    <ClCompile Include="Sprite.cpp" />
    <ClCompile Include="Text.cpp" />
    <ClCompile Include="Texture.cpp" />
    <ClCompile Include="TextureSaver.cpp" />
    <ClCompile Include="Transform.cpp" />
    <ClCompile Include="Transformable.cpp" />
    <ClCompile Include="Vertex.cpp" />
    <ClCompile Include="VertexArray.cpp" />
    <ClCompile Include="View.cpp" />
    <ClCompile Include="BlendMode.cpp">
      <Filter>Source</Filter>
    </ClCompile>
    <ClCompile Include="CircleShape.cpp" />
    <ClCompile Include="Color.cpp" />
    <ClCompile Include="ConvexShape.cpp" />
    <ClCompile Include="Font.cpp" />
    <ClCompile Include="GLCheck.cpp" />
    <ClCompile Include="GLExtensions.cpp" />
    <ClCompile Include="GLLoader.cpp" />
    <ClCompile Include="Image.cpp" />
    <ClCompile Include="ImageLoader.cpp" />
    <ClCompile Include="RectangleShape.cpp" />
    <ClCompile Include="RenderStates.cpp" />
    <ClCompile Include="RenderTarget.cpp" />
    <ClCompile Include="RenderTexture.cpp" />
    <ClCompile Include="RenderTextureImpl.cpp" />
    <ClCompile Include="RenderTextureImplDefault.cpp" />
    <ClCompile Include="RenderTextureImplFBO.cpp" />
    <ClCompile Include="RenderWindow.cpp" />
    <ClCompile Include="Shader.cpp" />
    <ClCompile Include="Shape.cpp" />
    <ClCompile Include="Sprite.cpp" />
    <ClCompile Include="Text.cpp" />
    <ClCompile Include="Texture.cpp" />
    <ClCompile Include="TextureSaver.cpp" />
    <ClCompile Include="Transform.cpp" />
    <ClCompile Include="Transformable.cpp" />
    <ClCompile Include="Vertex.cpp" />
    <ClCompile Include="VertexArray.cpp" />
    <ClCompile Include="View.cpp" />
    <ClCompile Include="BlendMode.cpp">
      <Filter>Source</Filter>
    </ClCompile>
    <ClCompile Include="CircleShape.cpp" />
    <ClCompile Include="Color.cpp" />
    <ClCompile Include="ConvexShape.cpp" />
    <ClCompile Include="Font.cpp" />
    <ClCompile Include="GLCheck.cpp" />
    <ClCompile Include="GLExtensions.cpp" />
    <ClCompile Include="GLLoader.cpp" />
    <ClCompile Include="Image.cpp" />
    <ClCompile Include="ImageLoader.cpp" />
    <ClCompile Include="RectangleShape.cpp" />
    <ClCompile Include="RenderStates.cpp" />
    <ClCompile Include="RenderTarget.cpp" />
    <ClCompile Include="RenderTexture.cpp" />
    <ClCompile Include="RenderTextureImpl.cpp" />
    <ClCompile Include="RenderTextureImplDefault.cpp" />
    <ClCompile Include="RenderTextureImplFBO.cpp" />
    <ClCompile Include="RenderWindow.cpp" />
    <ClCompile Include="Shader.cpp" />
    <ClCompile Include="Shape.cpp" />
    <ClCompile Include="Sprite.cpp" />
    <ClCompile Include="Text.cpp" />
    <ClCompile Include="Texture.cpp" />
    <ClCompile Include="TextureSaver.cpp" />
    <ClCompile Include="Transform.cpp" />
    <ClCompile Include="Transformable.cpp" />
    <ClCompile Include="Vertex.cpp" />
    <ClCompile Include="VertexArray.cpp" />
    <ClCompile Include="View.cpp" />
    <ClCompile Include="BlendMode.cpp">
      <Filter>Source</Filter>
    </ClCompile>
    <ClCompile Include="CircleShape.cpp" />
    <ClCompile Include="Color.cpp" />
    <ClCompile Include="ConvexShape.cpp" />
    <ClCompile Include="Font.cpp" />
    <ClCompile Include="GLCheck.cpp" />
    <ClCompile Include="GLExtensions.cpp" />
    <ClCompile Include="GLLoader.cpp" />
    <ClCompile Include="Image.cpp" />
    <ClCompile Include="ImageLoader.cpp" />
    <ClCompile Include="RectangleShape.cpp" />
    <ClCompile Include="RenderStates.cpp" />
    <ClCompile Include="RenderTarget.cpp" />
    <ClCompile Include="RenderTexture.cpp" />
    <ClCompile Include="RenderTextureImpl.cpp" />
    <ClCompile Include="RenderTextureImplDefault.cpp" />
    <ClCompile Include="RenderTextureImplFBO.cpp" />
    <ClCompile Include="RenderWindow.cpp" />
    <ClCompile Include="Shader.cpp" />
    <ClCompile Include="Shape.cpp" />
    <ClCompile Include="Sprite.cpp" />
    <ClCompile Include="Text.cpp" />
    <ClCompile Include="Texture.cpp" />
    <ClCompile Include="TextureSaver.cpp" />
    <ClCompile Include="Transform.cpp" />
    <ClCompile Include="Transformable.cpp" />
    <ClCompile Include="Vertex.cpp" />
    <ClCompile Include="VertexArray.cpp" />
    <ClCompile Include="View.cpp" />
    <ClCompile Include="BlendMode.cpp">
      <Filter>Source</Filter>
    </ClCompile>
    <ClCompile Include="CircleShape.cpp" />
    <ClCompile Include="Color.cpp" />
    <ClCompile Include="ConvexShape.cpp" />
    <ClCompile Include="Font.cpp" />
    <ClCompile Include="GLCheck.cpp" />
    <ClCompile Include="GLExtensions.cpp" />
    <ClCompile Include="GLLoader.cpp" />
    <ClCompile Include="Image.cpp" />
    <ClCompile Include="ImageLoader.cpp" />
    <ClCompile Include="RectangleShape.cpp" />
    <ClCompile Include="RenderStates.cpp" />
    <ClCompile Include="RenderTarget.cpp" />
    <ClCompile Include="RenderTexture.cpp" />
    <ClCompile Include="RenderTextureImpl.cpp" />
    <ClCompile Include="RenderTextureImplDefault.cpp" />
    <ClCompile Include="RenderTextureImplFBO.cpp" />
    <ClCompile Include="RenderWindow.cpp" />
    <ClCompile Include="Shader.cpp" />
    <ClCompile Include="Shape.cpp" />
    <ClCompile Include="Sprite.cpp" />
    <ClCompile Include="Text.cpp" />
    <ClCompile Include="Texture.cpp" />
    <ClCompile Include="TextureSaver.cpp" />
    <ClCompile Include="Transform.cpp" />
    <ClCompile Include="Transformable.cpp" />
    <ClCompile Include="Vertex.cpp" />
    <ClCompile Include="VertexArray.cpp" />
    <ClCompile Include="View.cpp" />
    <ClCompile Include="BlendMode.cpp">
      <Filter>Source</Filter>
    </ClCompile>
    <ClCompile Include="CircleShape.cpp" />
    <ClCompile Include="Color.cpp" />
    <ClCompile Include="ConvexShape.cpp" />
    <ClCompile Include="Font.cpp" />
    <ClCompile Include="GLCheck.cpp" />
    <ClCompile Include="GLExtensions.cpp" />
    <ClCompile Include="GLLoader.cpp" />
    <ClCompile Include="Image.cpp" />
    <ClCompile Include="ImageLoader.cpp" />
    <ClCompile Include="RectangleShape.cpp" />
    <ClCompile Include="RenderStates.cpp" />
    <ClCompile Include="RenderTarget.cpp" />
    <ClCompile Include="RenderTexture.cpp" />
    <ClCompile Include="RenderTextureImpl.cpp" />
    <ClCompile Include="RenderTextureImplDefault.cpp" />
    <ClCompile Include="RenderTextureImplFBO.cpp" />
    <ClCompile Include="RenderWindow.cpp" />
    <ClCompile Include="Shader.cpp" />
    <ClCompile Include="Shape.cpp" />
    <ClCompile Include="Sprite.cpp" />
    <ClCompile Include="Text.cpp" />
    <ClCompile Include="Texture.cpp" />
    <ClCompile Include="TextureSaver.cpp" />
    <ClCompile Include="Transform.cpp" />
    <ClCompile Include="Transformable.cpp" />
    <ClCompile Include="Vertex.cpp" />
    <ClCompile Include="VertexArray.cpp" />
    <ClCompile Include="View.cpp" />
    <ClCompile Include="BlendMode.cpp">
      <Filter>Source</Filter>
    </ClCompile>
    <ClCompile Include="CircleShape.cpp" />
    <ClCompile Include="Color.cpp" />
    <ClCompile Include="ConvexShape.cpp" />
    <ClCompile Include="Font.cpp" />
    <ClCompile Include="GLCheck.cpp" />
    <ClCompile Include="GLExtensions.cpp" />
    <ClCompile Include="GLLoader.cpp" />
    <ClCompile Include="Image.cpp" />
    <ClCompile Include="ImageLoader.cpp" />
    <ClCompile Include="RectangleShape.cpp" />
    <ClCompile Include="RenderStates.cpp" />
    <ClCompile Include="RenderTarget.cpp" />
    <ClCompile Include="RenderTexture.cpp" />
    <ClCompile Include="RenderTextureImpl.cpp" />
    <ClCompile Include="RenderTextureImplDefault.cpp" />
    <ClCompile Include="RenderTextureImplFBO.cpp" />
    <ClCompile Include="RenderWindow.cpp" />
    <ClCompile Include="Shader.cpp" />
    <ClCompile Include="Shape.cpp" />
    <ClCompile Include="Sprite.cpp" />
    <ClCompile Include="Text.cpp" />
    <ClCompile Include="Texture.cpp" />
    <ClCompile Include="TextureSaver.cpp" />
    <ClCompile Include="Transform.cpp" />
    <ClCompile Include="Transformable.cpp" />
    <ClCompile Include="Vertex.cpp" />
    <ClCompile Include="VertexArray.cpp" />
    <ClCompile Include="View.cpp" />
  </ItemGroup>
  <ItemGroup>
    <ClInclude Include="..\..\..\include\SFML\Graphics\BlendMode.hpp">
      <Filter>Header</Filter>
    </ClInclude>
    <ClInclude Include="..\..\..\include\SFML\Graphics\CircleShape.hpp" />
    <ClInclude Include="..\..\..\include\SFML\Graphics\Color.hpp" />
    <ClInclude Include="..\..\..\include\SFML\Graphics\ConvexShape.hpp" />
    <ClInclude Include="..\..\..\include\SFML\Graphics\Drawable.hpp" />
    <ClInclude Include="..\..\..\include\SFML\Graphics\Export.hpp" />
    <ClInclude Include="..\..\..\include\SFML\Graphics\Font.hpp" />
    <ClInclude Include="..\..\..\include\SFML\Graphics\Glyph.hpp" />
    <ClInclude Include="..\..\..\include\SFML\Graphics\Image.hpp" />
    <ClInclude Include="..\..\..\include\SFML\Graphics\PrimitiveType.hpp" />
    <ClInclude Include="..\..\..\include\SFML\Graphics\Rect.hpp" />
    <ClInclude Include="..\..\..\include\SFML\Graphics\RectangleShape.hpp" />
    <ClInclude Include="..\..\..\include\SFML\Graphics\RenderStates.hpp" />
    <ClInclude Include="..\..\..\include\SFML\Graphics\RenderTarget.hpp" />
    <ClInclude Include="..\..\..\include\SFML\Graphics\RenderTexture.hpp" />
    <ClInclude Include="..\..\..\include\SFML\Graphics\RenderWindow.hpp" />
    <ClInclude Include="..\..\..\include\SFML\Graphics\Shader.hpp" />
    <ClInclude Include="..\..\..\include\SFML\Graphics\Shape.hpp" />
    <ClInclude Include="..\..\..\include\SFML\Graphics\Sprite.hpp" />
    <ClInclude Include="..\..\..\include\SFML\Graphics\Text.hpp" />
    <ClInclude Include="..\..\..\include\SFML\Graphics\Texture.hpp" />
    <ClInclude Include="..\..\..\include\SFML\Graphics\Transform.hpp" />
    <ClInclude Include="..\..\..\include\SFML\Graphics\Transformable.hpp" />
    <ClInclude Include="..\..\..\include\SFML\Graphics\Vertex.hpp" />
    <ClInclude Include="..\..\..\include\SFML\Graphics\VertexArray.hpp" />
    <ClInclude Include="..\..\..\include\SFML\Graphics\View.hpp" />
    <ClInclude Include="..\..\..\include\SFML\Graphics\BlendMode.hpp">
      <Filter>Header</Filter>
    </ClInclude>
    <ClInclude Include="..\..\..\include\SFML\Graphics\CircleShape.hpp" />
    <ClInclude Include="..\..\..\include\SFML\Graphics\Color.hpp" />
    <ClInclude Include="..\..\..\include\SFML\Graphics\ConvexShape.hpp" />
    <ClInclude Include="..\..\..\include\SFML\Graphics\Drawable.hpp" />
    <ClInclude Include="..\..\..\include\SFML\Graphics\Export.hpp" />
    <ClInclude Include="..\..\..\include\SFML\Graphics\Font.hpp" />
    <ClInclude Include="..\..\..\include\SFML\Graphics\Glyph.hpp" />
    <ClInclude Include="..\..\..\include\SFML\Graphics\Image.hpp" />
    <ClInclude Include="..\..\..\include\SFML\Graphics\PrimitiveType.hpp" />
    <ClInclude Include="..\..\..\include\SFML\Graphics\Rect.hpp" />
    <ClInclude Include="..\..\..\include\SFML\Graphics\RectangleShape.hpp" />
    <ClInclude Include="..\..\..\include\SFML\Graphics\RenderStates.hpp" />
    <ClInclude Include="..\..\..\include\SFML\Graphics\RenderTarget.hpp" />
    <ClInclude Include="..\..\..\include\SFML\Graphics\RenderTexture.hpp" />
    <ClInclude Include="..\..\..\include\SFML\Graphics\RenderWindow.hpp" />
    <ClInclude Include="..\..\..\include\SFML\Graphics\Shader.hpp" />
    <ClInclude Include="..\..\..\include\SFML\Graphics\Shape.hpp" />
    <ClInclude Include="..\..\..\include\SFML\Graphics\Sprite.hpp" />
    <ClInclude Include="..\..\..\include\SFML\Graphics\Text.hpp" />
    <ClInclude Include="..\..\..\include\SFML\Graphics\Texture.hpp" />
    <ClInclude Include="..\..\..\include\SFML\Graphics\Transform.hpp" />
    <ClInclude Include="..\..\..\include\SFML\Graphics\Transformable.hpp" />
    <ClInclude Include="..\..\..\include\SFML\Graphics\Vertex.hpp" />
    <ClInclude Include="..\..\..\include\SFML\Graphics\VertexArray.hpp" />
    <ClInclude Include="..\..\..\include\SFML\Graphics\View.hpp" />
    <ClInclude Include="..\..\..\include\SFML\Graphics\BlendMode.hpp">
      <Filter>Header</Filter>
    </ClInclude>
    <ClInclude Include="..\..\..\include\SFML\Graphics\CircleShape.hpp" />
    <ClInclude Include="..\..\..\include\SFML\Graphics\Color.hpp" />
    <ClInclude Include="..\..\..\include\SFML\Graphics\ConvexShape.hpp" />
    <ClInclude Include="..\..\..\include\SFML\Graphics\Drawable.hpp" />
    <ClInclude Include="..\..\..\include\SFML\Graphics\Export.hpp" />
    <ClInclude Include="..\..\..\include\SFML\Graphics\Font.hpp" />
    <ClInclude Include="..\..\..\include\SFML\Graphics\Glyph.hpp" />
    <ClInclude Include="..\..\..\include\SFML\Graphics\Image.hpp" />
    <ClInclude Include="..\..\..\include\SFML\Graphics\PrimitiveType.hpp" />
    <ClInclude Include="..\..\..\include\SFML\Graphics\Rect.hpp" />
    <ClInclude Include="..\..\..\include\SFML\Graphics\RectangleShape.hpp" />
    <ClInclude Include="..\..\..\include\SFML\Graphics\RenderStates.hpp" />
    <ClInclude Include="..\..\..\include\SFML\Graphics\RenderTarget.hpp" />
    <ClInclude Include="..\..\..\include\SFML\Graphics\RenderTexture.hpp" />
    <ClInclude Include="..\..\..\include\SFML\Graphics\RenderWindow.hpp" />
    <ClInclude Include="..\..\..\include\SFML\Graphics\Shader.hpp" />
    <ClInclude Include="..\..\..\include\SFML\Graphics\Shape.hpp" />
    <ClInclude Include="..\..\..\include\SFML\Graphics\Sprite.hpp" />
    <ClInclude Include="..\..\..\include\SFML\Graphics\Text.hpp" />
    <ClInclude Include="..\..\..\include\SFML\Graphics\Texture.hpp" />
    <ClInclude Include="..\..\..\include\SFML\Graphics\Transform.hpp" />
    <ClInclude Include="..\..\..\include\SFML\Graphics\Transformable.hpp" />
    <ClInclude Include="..\..\..\include\SFML\Graphics\Vertex.hpp" />
    <ClInclude Include="..\..\..\include\SFML\Graphics\VertexArray.hpp" />
    <ClInclude Include="..\..\..\include\SFML\Graphics\View.hpp" />
    <ClInclude Include="..\..\..\include\SFML\Graphics\BlendMode.hpp">
      <Filter>Header</Filter>
    </ClInclude>
    <ClInclude Include="..\..\..\include\SFML\Graphics\CircleShape.hpp" />
    <ClInclude Include="..\..\..\include\SFML\Graphics\Color.hpp" />
    <ClInclude Include="..\..\..\include\SFML\Graphics\ConvexShape.hpp" />
    <ClInclude Include="..\..\..\include\SFML\Graphics\Drawable.hpp" />
    <ClInclude Include="..\..\..\include\SFML\Graphics\Export.hpp" />
    <ClInclude Include="..\..\..\include\SFML\Graphics\Font.hpp" />
    <ClInclude Include="..\..\..\include\SFML\Graphics\Glyph.hpp" />
    <ClInclude Include="..\..\..\include\SFML\Graphics\Image.hpp" />
    <ClInclude Include="..\..\..\include\SFML\Graphics\PrimitiveType.hpp" />
    <ClInclude Include="..\..\..\include\SFML\Graphics\Rect.hpp" />
    <ClInclude Include="..\..\..\include\SFML\Graphics\RectangleShape.hpp" />
    <ClInclude Include="..\..\..\include\SFML\Graphics\RenderStates.hpp" />
    <ClInclude Include="..\..\..\include\SFML\Graphics\RenderTarget.hpp" />
    <ClInclude Include="..\..\..\include\SFML\Graphics\RenderTexture.hpp" />
    <ClInclude Include="..\..\..\include\SFML\Graphics\RenderWindow.hpp" />
    <ClInclude Include="..\..\..\include\SFML\Graphics\Shader.hpp" />
    <ClInclude Include="..\..\..\include\SFML\Graphics\Shape.hpp" />
    <ClInclude Include="..\..\..\include\SFML\Graphics\Sprite.hpp" />
    <ClInclude Include="..\..\..\include\SFML\Graphics\Text.hpp" />
    <ClInclude Include="..\..\..\include\SFML\Graphics\Texture.hpp" />
    <ClInclude Include="..\..\..\include\SFML\Graphics\Transform.hpp" />
    <ClInclude Include="..\..\..\include\SFML\Graphics\Transformable.hpp" />
    <ClInclude Include="..\..\..\include\SFML\Graphics\Vertex.hpp" />
    <ClInclude Include="..\..\..\include\SFML\Graphics\VertexArray.hpp" />
    <ClInclude Include="..\..\..\include\SFML\Graphics\View.hpp" />
    <ClInclude Include="..\..\..\include\SFML\Graphics\BlendMode.hpp">
      <Filter>Header</Filter>
    </ClInclude>
    <ClInclude Include="..\..\..\include\SFML\Graphics\CircleShape.hpp" />
    <ClInclude Include="..\..\..\include\SFML\Graphics\Color.hpp" />
    <ClInclude Include="..\..\..\include\SFML\Graphics\ConvexShape.hpp" />
    <ClInclude Include="..\..\..\include\SFML\Graphics\Drawable.hpp" />
    <ClInclude Include="..\..\..\include\SFML\Graphics\Export.hpp" />
    <ClInclude Include="..\..\..\include\SFML\Graphics\Font.hpp" />
    <ClInclude Include="..\..\..\include\SFML\Graphics\Glyph.hpp" />
    <ClInclude Include="..\..\..\include\SFML\Graphics\Image.hpp" />
    <ClInclude Include="..\..\..\include\SFML\Graphics\PrimitiveType.hpp" />
    <ClInclude Include="..\..\..\include\SFML\Graphics\Rect.hpp" />
    <ClInclude Include="..\..\..\include\SFML\Graphics\RectangleShape.hpp" />
    <ClInclude Include="..\..\..\include\SFML\Graphics\RenderStates.hpp" />
    <ClInclude Include="..\..\..\include\SFML\Graphics\RenderTarget.hpp" />
    <ClInclude Include="..\..\..\include\SFML\Graphics\RenderTexture.hpp" />
    <ClInclude Include="..\..\..\include\SFML\Graphics\RenderWindow.hpp" />
    <ClInclude Include="..\..\..\include\SFML\Graphics\Shader.hpp" />
    <ClInclude Include="..\..\..\include\SFML\Graphics\Shape.hpp" />
    <ClInclude Include="..\..\..\include\SFML\Graphics\Sprite.hpp" />
    <ClInclude Include="..\..\..\include\SFML\Graphics\Text.hpp" />
    <ClInclude Include="..\..\..\include\SFML\Graphics\Texture.hpp" />
    <ClInclude Include="..\..\..\include\SFML\Graphics\Transform.hpp" />
    <ClInclude Include="..\..\..\include\SFML\Graphics\Transformable.hpp" />
    <ClInclude Include="..\..\..\include\SFML\Graphics\Vertex.hpp" />
    <ClInclude Include="..\..\..\include\SFML\Graphics\VertexArray.hpp" />
    <ClInclude Include="..\..\..\include\SFML\Graphics\View.hpp" />
    <ClInclude Include="..\..\..\include\SFML\Graphics\BlendMode.hpp">
      <Filter>Header</Filter>
    </ClInclude>
    <ClInclude Include="..\..\..\include\SFML\Graphics\CircleShape.hpp" />
    <ClInclude Include="..\..\..\include\SFML\Graphics\Color.hpp" />
    <ClInclude Include="..\..\..\include\SFML\Graphics\ConvexShape.hpp" />
    <ClInclude Include="..\..\..\include\SFML\Graphics\Drawable.hpp" />
    <ClInclude Include="..\..\..\include\SFML\Graphics\Export.hpp" />
    <ClInclude Include="..\..\..\include\SFML\Graphics\Font.hpp" />
    <ClInclude Include="..\..\..\include\SFML\Graphics\Glyph.hpp" />
    <ClInclude Include="..\..\..\include\SFML\Graphics\Image.hpp" />
    <ClInclude Include="..\..\..\include\SFML\Graphics\PrimitiveType.hpp" />
    <ClInclude Include="..\..\..\include\SFML\Graphics\Rect.hpp" />
    <ClInclude Include="..\..\..\include\SFML\Graphics\RectangleShape.hpp" />
    <ClInclude Include="..\..\..\include\SFML\Graphics\RenderStates.hpp" />
    <ClInclude Include="..\..\..\include\SFML\Graphics\RenderTarget.hpp" />
    <ClInclude Include="..\..\..\include\SFML\Graphics\RenderTexture.hpp" />
    <ClInclude Include="..\..\..\include\SFML\Graphics\RenderWindow.hpp" />
    <ClInclude Include="..\..\..\include\SFML\Graphics\Shader.hpp" />
    <ClInclude Include="..\..\..\include\SFML\Graphics\Shape.hpp" />
    <ClInclude Include="..\..\..\include\SFML\Graphics\Sprite.hpp" />
    <ClInclude Include="..\..\..\include\SFML\Graphics\Text.hpp" />
    <ClInclude Include="..\..\..\include\SFML\Graphics\Texture.hpp" />
    <ClInclude Include="..\..\..\include\SFML\Graphics\Transform.hpp" />
    <ClInclude Include="..\..\..\include\SFML\Graphics\Transformable.hpp" />
    <ClInclude Include="..\..\..\include\SFML\Graphics\Vertex.hpp" />
    <ClInclude Include="..\..\..\include\SFML\Graphics\VertexArray.hpp" />
    <ClInclude Include="..\..\..\include\SFML\Graphics\View.hpp" />
    <ClInclude Include="..\..\..\include\SFML\Graphics\BlendMode.hpp">
      <Filter>Header</Filter>
    </ClInclude>
    <ClInclude Include="..\..\..\include\SFML\Graphics\CircleShape.hpp" />
    <ClInclude Include="..\..\..\include\SFML\Graphics\Color.hpp" />
    <ClInclude Include="..\..\..\include\SFML\Graphics\ConvexShape.hpp" />
    <ClInclude Include="..\..\..\include\SFML\Graphics\Drawable.hpp" />
    <ClInclude Include="..\..\..\include\SFML\Graphics\Export.hpp" />
    <ClInclude Include="..\..\..\include\SFML\Graphics\Font.hpp" />
    <ClInclude Include="..\..\..\include\SFML\Graphics\Glyph.hpp" />
    <ClInclude Include="..\..\..\include\SFML\Graphics\Image.hpp" />
    <ClInclude Include="..\..\..\include\SFML\Graphics\PrimitiveType.hpp" />
    <ClInclude Include="..\..\..\include\SFML\Graphics\Rect.hpp" />
    <ClInclude Include="..\..\..\include\SFML\Graphics\RectangleShape.hpp" />
    <ClInclude Include="..\..\..\include\SFML\Graphics\RenderStates.hpp" />
    <ClInclude Include="..\..\..\include\SFML\Graphics\RenderTarget.hpp" />
    <ClInclude Include="..\..\..\include\SFML\Graphics\RenderTexture.hpp" />
    <ClInclude Include="..\..\..\include\SFML\Graphics\RenderWindow.hpp" />
    <ClInclude Include="..\..\..\include\SFML\Graphics\Shader.hpp" />
    <ClInclude Include="..\..\..\include\SFML\Graphics\Shape.hpp" />
    <ClInclude Include="..\..\..\include\SFML\Graphics\Sprite.hpp" />
    <ClInclude Include="..\..\..\include\SFML\Graphics\Text.hpp" />
    <ClInclude Include="..\..\..\include\SFML\Graphics\Texture.hpp" />
    <ClInclude Include="..\..\..\include\SFML\Graphics\Transform.hpp" />
    <ClInclude Include="..\..\..\include\SFML\Graphics\Transformable.hpp" />
    <ClInclude Include="..\..\..\include\SFML\Graphics\Vertex.hpp" />
    <ClInclude Include="..\..\..\include\SFML\Graphics\VertexArray.hpp" />
    <ClInclude Include="..\..\..\include\SFML\Graphics\View.hpp" />
    <ClInclude Include="..\..\..\include\SFML\Graphics\BlendMode.hpp">
      <Filter>Header</Filter>
    </ClInclude>
    <ClInclude Include="..\..\..\include\SFML\Graphics\CircleShape.hpp" />
    <ClInclude Include="..\..\..\include\SFML\Graphics\Color.hpp" />
    <ClInclude Include="..\..\..\include\SFML\Graphics\ConvexShape.hpp" />
    <ClInclude Include="..\..\..\include\SFML\Graphics\Drawable.hpp" />
    <ClInclude Include="..\..\..\include\SFML\Graphics\Export.hpp" />
    <ClInclude Include="..\..\..\include\SFML\Graphics\Font.hpp" />
    <ClInclude Include="..\..\..\include\SFML\Graphics\Glyph.hpp" />
    <ClInclude Include="..\..\..\include\SFML\Graphics\Image.hpp" />
    <ClInclude Include="..\..\..\include\SFML\Graphics\PrimitiveType.hpp" />
    <ClInclude Include="..\..\..\include\SFML\Graphics\Rect.hpp" />
    <ClInclude Include="..\..\..\include\SFML\Graphics\RectangleShape.hpp" />
    <ClInclude Include="..\..\..\include\SFML\Graphics\RenderStates.hpp" />
    <ClInclude Include="..\..\..\include\SFML\Graphics\RenderTarget.hpp" />
    <ClInclude Include="..\..\..\include\SFML\Graphics\RenderTexture.hpp" />
    <ClInclude Include="..\..\..\include\SFML\Graphics\RenderWindow.hpp" />
    <ClInclude Include="..\..\..\include\SFML\Graphics\Shader.hpp" />
    <ClInclude Include="..\..\..\include\SFML\Graphics\Shape.hpp" />
    <ClInclude Include="..\..\..\include\SFML\Graphics\Sprite.hpp" />
    <ClInclude Include="..\..\..\include\SFML\Graphics\Text.hpp" />
    <ClInclude Include="..\..\..\include\SFML\Graphics\Texture.hpp" />
    <ClInclude Include="..\..\..\include\SFML\Graphics\Transform.hpp" />
    <ClInclude Include="..\..\..\include\SFML\Graphics\Transformable.hpp" />
    <ClInclude Include="..\..\..\include\SFML\Graphics\Vertex.hpp" />
    <ClInclude Include="..\..\..\include\SFML\Graphics\VertexArray.hpp" />
    <ClInclude Include="..\..\..\include\SFML\Graphics\View.hpp" />
    <ClInclude Include="..\..\..\include\SFML\Graphics\BlendMode.hpp">
      <Filter>Header</Filter>
    </ClInclude>
    <ClInclude Include="..\..\..\include\SFML\Graphics\CircleShape.hpp" />
    <ClInclude Include="..\..\..\include\SFML\Graphics\Color.hpp" />
    <ClInclude Include="..\..\..\include\SFML\Graphics\ConvexShape.hpp" />
    <ClInclude Include="..\..\..\include\SFML\Graphics\Drawable.hpp" />
    <ClInclude Include="..\..\..\include\SFML\Graphics\Export.hpp" />
    <ClInclude Include="..\..\..\include\SFML\Graphics\Font.hpp" />
    <ClInclude Include="..\..\..\include\SFML\Graphics\Glyph.hpp" />
    <ClInclude Include="..\..\..\include\SFML\Graphics\Image.hpp" />
    <ClInclude Include="..\..\..\include\SFML\Graphics\PrimitiveType.hpp" />
    <ClInclude Include="..\..\..\include\SFML\Graphics\Rect.hpp" />
    <ClInclude Include="..\..\..\include\SFML\Graphics\RectangleShape.hpp" />
    <ClInclude Include="..\..\..\include\SFML\Graphics\RenderStates.hpp" />
    <ClInclude Include="..\..\..\include\SFML\Graphics\RenderTarget.hpp" />
    <ClInclude Include="..\..\..\include\SFML\Graphics\RenderTexture.hpp" />
    <ClInclude Include="..\..\..\include\SFML\Graphics\RenderWindow.hpp" />
    <ClInclude Include="..\..\..\include\SFML\Graphics\Shader.hpp" />
    <ClInclude Include="..\..\..\include\SFML\Graphics\Shape.hpp" />
    <ClInclude Include="..\..\..\include\SFML\Graphics\Sprite.hpp" />
    <ClInclude Include="..\..\..\include\SFML\Graphics\Text.hpp" />
    <ClInclude Include="..\..\..\include\SFML\Graphics\Texture.hpp" />
    <ClInclude Include="..\..\..\include\SFML\Graphics\Transform.hpp" />
    <ClInclude Include="..\..\..\include\SFML\Graphics\Transformable.hpp" />
    <ClInclude Include="..\..\..\include\SFML\Graphics\Vertex.hpp" />
    <ClInclude Include="..\..\..\include\SFML\Graphics\VertexArray.hpp" />
    <ClInclude Include="..\..\..\include\SFML\Graphics\View.hpp" />
    <ClInclude Include="..\..\..\include\SFML\Graphics\BlendMode.hpp">
      <Filter>Header</Filter>
    </ClInclude>
    <ClInclude Include="..\..\..\include\SFML\Graphics\CircleShape.hpp" />
    <ClInclude Include="..\..\..\include\SFML\Graphics\Color.hpp" />
    <ClInclude Include="..\..\..\include\SFML\Graphics\ConvexShape.hpp" />
    <ClInclude Include="..\..\..\include\SFML\Graphics\Drawable.hpp" />
    <ClInclude Include="..\..\..\include\SFML\Graphics\Export.hpp" />
    <ClInclude Include="..\..\..\include\SFML\Graphics\Font.hpp" />
    <ClInclude Include="..\..\..\include\SFML\Graphics\Glyph.hpp" />
    <ClInclude Include="..\..\..\include\SFML\Graphics\Image.hpp" />
    <ClInclude Include="..\..\..\include\SFML\Graphics\PrimitiveType.hpp" />
    <ClInclude Include="..\..\..\include\SFML\Graphics\Rect.hpp" />
    <ClInclude Include="..\..\..\include\SFML\Graphics\RectangleShape.hpp" />
    <ClInclude Include="..\..\..\include\SFML\Graphics\RenderStates.hpp" />
    <ClInclude Include="..\..\..\include\SFML\Graphics\RenderTarget.hpp" />
    <ClInclude Include="..\..\..\include\SFML\Graphics\RenderTexture.hpp" />
    <ClInclude Include="..\..\..\include\SFML\Graphics\RenderWindow.hpp" />
    <ClInclude Include="..\..\..\include\SFML\Graphics\Shader.hpp" />
    <ClInclude Include="..\..\..\include\SFML\Graphics\Shape.hpp" />
    <ClInclude Include="..\..\..\include\SFML\Graphics\Sprite.hpp" />
    <ClInclude Include="..\..\..\include\SFML\Graphics\Text.hpp" />
    <ClInclude Include="..\..\..\include\SFML\Graphics\Texture.hpp" />
    <ClInclude Include="..\..\..\include\SFML\Graphics\Transform.hpp" />
    <ClInclude Include="..\..\..\include\SFML\Graphics\Transformable.hpp" />
    <ClInclude Include="..\..\..\include\SFML\Graphics\Vertex.hpp" />
    <ClInclude Include="..\..\..\include\SFML\Graphics\VertexArray.hpp" />
    <ClInclude Include="..\..\..\include\SFML\Graphics\View.hpp" />
    <ClInclude Include="..\..\..\include\SFML\Graphics\BlendMode.hpp">
      <Filter>Header</Filter>
    </ClInclude>
    <ClInclude Include="..\..\..\include\SFML\Graphics\CircleShape.hpp" />
    <ClInclude Include="..\..\..\include\SFML\Graphics\Color.hpp" />
    <ClInclude Include="..\..\..\include\SFML\Graphics\ConvexShape.hpp" />
    <ClInclude Include="..\..\..\include\SFML\Graphics\Drawable.hpp" />
    <ClInclude Include="..\..\..\include\SFML\Graphics\Export.hpp" />
    <ClInclude Include="..\..\..\include\SFML\Graphics\Font.hpp" />
    <ClInclude Include="..\..\..\include\SFML\Graphics\Glyph.hpp" />
    <ClInclude Include="..\..\..\include\SFML\Graphics\Image.hpp" />
    <ClInclude Include="..\..\..\include\SFML\Graphics\PrimitiveType.hpp" />
    <ClInclude Include="..\..\..\include\SFML\Graphics\Rect.hpp" />
    <ClInclude Include="..\..\..\include\SFML\Graphics\RectangleShape.hpp" />
    <ClInclude Include="..\..\..\include\SFML\Graphics\RenderStates.hpp" />
    <ClInclude Include="..\..\..\include\SFML\Graphics\RenderTarget.hpp" />
    <ClInclude Include="..\..\..\include\SFML\Graphics\RenderTexture.hpp" />
    <ClInclude Include="..\..\..\include\SFML\Graphics\RenderWindow.hpp" />
    <ClInclude Include="..\..\..\include\SFML\Graphics\Shader.hpp" />
    <ClInclude Include="..\..\..\include\SFML\Graphics\Shape.hpp" />
    <ClInclude Include="..\..\..\include\SFML\Graphics\Sprite.hpp" />
    <ClInclude Include="..\..\..\include\SFML\Graphics\Text.hpp" />
    <ClInclude Include="..\..\..\include\SFML\Graphics\Texture.hpp" />
    <ClInclude Include="..\..\..\include\SFML\Graphics\Transform.hpp" />
    <ClInclude Include="..\..\..\include\SFML\Graphics\Transformable.hpp" />
    <ClInclude Include="..\..\..\include\SFML\Graphics\Vertex.hpp" />
    <ClInclude Include="..\..\..\include\SFML\Graphics\VertexArray.hpp" />
    <ClInclude Include="..\..\..\include\SFML\Graphics\View.hpp" />
    <ClInclude Include="..\..\..\include\SFML\Graphics\BlendMode.hpp">
      <Filter>Header</Filter>
    </ClInclude>
    <ClInclude Include="..\..\..\include\SFML\Graphics\CircleShape.hpp" />
    <ClInclude Include="..\..\..\include\SFML\Graphics\Color.hpp" />
    <ClInclude Include="..\..\..\include\SFML\Graphics\ConvexShape.hpp" />
    <ClInclude Include="..\..\..\include\SFML\Graphics\Drawable.hpp" />
    <ClInclude Include="..\..\..\include\SFML\Graphics\Export.hpp" />
    <ClInclude Include="..\..\..\include\SFML\Graphics\Font.hpp" />
    <ClInclude Include="..\..\..\include\SFML\Graphics\Glyph.hpp" />
    <ClInclude Include="..\..\..\include\SFML\Graphics\Image.hpp" />
    <ClInclude Include="..\..\..\include\SFML\Graphics\PrimitiveType.hpp" />
    <ClInclude Include="..\..\..\include\SFML\Graphics\Rect.hpp" />
    <ClInclude Include="..\..\..\include\SFML\Graphics\RectangleShape.hpp" />
    <ClInclude Include="..\..\..\include\SFML\Graphics\RenderStates.hpp" />
    <ClInclude Include="..\..\..\include\SFML\Graphics\RenderTarget.hpp" />
    <ClInclude Include="..\..\..\include\SFML\Graphics\RenderTexture.hpp" />
    <ClInclude Include="..\..\..\include\SFML\Graphics\RenderWindow.hpp" />
    <ClInclude Include="..\..\..\include\SFML\Graphics\Shader.hpp" />
    <ClInclude Include="..\..\..\include\SFML\Graphics\Shape.hpp" />
    <ClInclude Include="..\..\..\include\SFML\Graphics\Sprite.hpp" />
    <ClInclude Include="..\..\..\include\SFML\Graphics\Text.hpp" />
    <ClInclude Include="..\..\..\include\SFML\Graphics\Texture.hpp" />
    <ClInclude Include="..\..\..\include\SFML\Graphics\Transform.hpp" />
    <ClInclude Include="..\..\..\include\SFML\Graphics\Transformable.hpp" />
    <ClInclude Include="..\..\..\include\SFML\Graphics\Vertex.hpp" />
    <ClInclude Include="..\..\..\include\SFML\Graphics\VertexArray.hpp" />
    <ClInclude Include="..\..\..\include\SFML\Graphics\View.hpp" />
    <ClInclude Include="..\..\..\include\SFML\Graphics\BlendMode.hpp">
      <Filter>Header</Filter>
    </ClInclude>
    <ClInclude Include="..\..\..\include\SFML\Graphics\CircleShape.hpp" />
    <ClInclude Include="..\..\..\include\SFML\Graphics\Color.hpp" />
    <ClInclude Include="..\..\..\include\SFML\Graphics\ConvexShape.hpp" />
    <ClInclude Include="..\..\..\include\SFML\Graphics\Drawable.hpp" />
    <ClInclude Include="..\..\..\include\SFML\Graphics\Export.hpp" />
    <ClInclude Include="..\..\..\include\SFML\Graphics\Font.hpp" />
    <ClInclude Include="..\..\..\include\SFML\Graphics\Glyph.hpp" />
    <ClInclude Include="..\..\..\include\SFML\Graphics\Image.hpp" />
    <ClInclude Include="..\..\..\include\SFML\Graphics\PrimitiveType.hpp" />
    <ClInclude Include="..\..\..\include\SFML\Graphics\Rect.hpp" />
    <ClInclude Include="..\..\..\include\SFML\Graphics\RectangleShape.hpp" />
    <ClInclude Include="..\..\..\include\SFML\Graphics\RenderStates.hpp" />
    <ClInclude Include="..\..\..\include\SFML\Graphics\RenderTarget.hpp" />
    <ClInclude Include="..\..\..\include\SFML\Graphics\RenderTexture.hpp" />
    <ClInclude Include="..\..\..\include\SFML\Graphics\RenderWindow.hpp" />
    <ClInclude Include="..\..\..\include\SFML\Graphics\Shader.hpp" />
    <ClInclude Include="..\..\..\include\SFML\Graphics\Shape.hpp" />
    <ClInclude Include="..\..\..\include\SFML\Graphics\Sprite.hpp" />
    <ClInclude Include="..\..\..\include\SFML\Graphics\Text.hpp" />
    <ClInclude Include="..\..\..\include\SFML\Graphics\Texture.hpp" />
    <ClInclude Include="..\..\..\include\SFML\Graphics\Transform.hpp" />
    <ClInclude Include="..\..\..\include\SFML\Graphics\Transformable.hpp" />
    <ClInclude Include="..\..\..\include\SFML\Graphics\Vertex.hpp" />
    <ClInclude Include="..\..\..\include\SFML\Graphics\VertexArray.hpp" />
    <ClInclude Include="..\..\..\include\SFML\Graphics\View.hpp" />
    <ClInclude Include="..\..\..\include\SFML\Graphics\BlendMode.hpp">
      <Filter>Header</Filter>
    </ClInclude>
    <ClInclude Include="..\..\..\include\SFML\Graphics\CircleShape.hpp" />
    <ClInclude Include="..\..\..\include\SFML\Graphics\Color.hpp" />
    <ClInclude Include="..\..\..\include\SFML\Graphics\ConvexShape.hpp" />
    <ClInclude Include="..\..\..\include\SFML\Graphics\Drawable.hpp" />
    <ClInclude Include="..\..\..\include\SFML\Graphics\Export.hpp" />
    <ClInclude Include="..\..\..\include\SFML\Graphics\Font.hpp" />
    <ClInclude Include="..\..\..\include\SFML\Graphics\Glyph.hpp" />
    <ClInclude Include="..\..\..\include\SFML\Graphics\Image.hpp" />
    <ClInclude Include="..\..\..\include\SFML\Graphics\PrimitiveType.hpp" />
    <ClInclude Include="..\..\..\include\SFML\Graphics\Rect.hpp" />
    <ClInclude Include="..\..\..\include\SFML\Graphics\RectangleShape.hpp" />
    <ClInclude Include="..\..\..\include\SFML\Graphics\RenderStates.hpp" />
    <ClInclude Include="..\..\..\include\SFML\Graphics\RenderTarget.hpp" />
    <ClInclude Include="..\..\..\include\SFML\Graphics\RenderTexture.hpp" />
    <ClInclude Include="..\..\..\include\SFML\Graphics\RenderWindow.hpp" />
    <ClInclude Include="..\..\..\include\SFML\Graphics\Shader.hpp" />
    <ClInclude Include="..\..\..\include\SFML\Graphics\Shape.hpp" />
    <ClInclude Include="..\..\..\include\SFML\Graphics\Sprite.hpp" />
    <ClInclude Include="..\..\..\include\SFML\Graphics\Text.hpp" />
    <ClInclude Include="..\..\..\include\SFML\Graphics\Texture.hpp" />
    <ClInclude Include="..\..\..\include\SFML\Graphics\Transform.hpp" />
    <ClInclude Include="..\..\..\include\SFML\Graphics\Transformable.hpp" />
    <ClInclude Include="..\..\..\include\SFML\Graphics\Vertex.hpp" />
    <ClInclude Include="..\..\..\include\SFML\Graphics\VertexArray.hpp" />
    <ClInclude Include="..\..\..\include\SFML\Graphics\View.hpp" />
    <ClInclude Include="..\..\..\include\SFML\Graphics\BlendMode.hpp">
      <Filter>Header</Filter>
    </ClInclude>
    <ClInclude Include="..\..\..\include\SFML\Graphics\CircleShape.hpp" />
    <ClInclude Include="..\..\..\include\SFML\Graphics\Color.hpp" />
    <ClInclude Include="..\..\..\include\SFML\Graphics\ConvexShape.hpp" />
    <ClInclude Include="..\..\..\include\SFML\Graphics\Drawable.hpp" />
    <ClInclude Include="..\..\..\include\SFML\Graphics\Export.hpp" />
    <ClInclude Include="..\..\..\include\SFML\Graphics\Font.hpp" />
    <ClInclude Include="..\..\..\include\SFML\Graphics\Glyph.hpp" />
    <ClInclude Include="..\..\..\include\SFML\Graphics\Image.hpp" />
    <ClInclude Include="..\..\..\include\SFML\Graphics\PrimitiveType.hpp" />
    <ClInclude Include="..\..\..\include\SFML\Graphics\Rect.hpp" />
    <ClInclude Include="..\..\..\include\SFML\Graphics\RectangleShape.hpp" />
    <ClInclude Include="..\..\..\include\SFML\Graphics\RenderStates.hpp" />
    <ClInclude Include="..\..\..\include\SFML\Graphics\RenderTarget.hpp" />
    <ClInclude Include="..\..\..\include\SFML\Graphics\RenderTexture.hpp" />
    <ClInclude Include="..\..\..\include\SFML\Graphics\RenderWindow.hpp" />
    <ClInclude Include="..\..\..\include\SFML\Graphics\Shader.hpp" />
    <ClInclude Include="..\..\..\include\SFML\Graphics\Shape.hpp" />
    <ClInclude Include="..\..\..\include\SFML\Graphics\Sprite.hpp" />
    <ClInclude Include="..\..\..\include\SFML\Graphics\Text.hpp" />
    <ClInclude Include="..\..\..\include\SFML\Graphics\Texture.hpp" />
    <ClInclude Include="..\..\..\include\SFML\Graphics\Transform.hpp" />
    <ClInclude Include="..\..\..\include\SFML\Graphics\Transformable.hpp" />
    <ClInclude Include="..\..\..\include\SFML\Graphics\Vertex.hpp" />
    <ClInclude Include="..\..\..\include\SFML\Graphics\VertexArray.hpp" />
    <ClInclude Include="..\..\..\include\SFML\Graphics\View.hpp" />
    <ClInclude Include="..\..\..\include\SFML\Graphics\BlendMode.hpp">
      <Filter>Header</Filter>
    </ClInclude>
    <ClInclude Include="..\..\..\include\SFML\Graphics\CircleShape.hpp" />
    <ClInclude Include="..\..\..\include\SFML\Graphics\Color.hpp" />
    <ClInclude Include="..\..\..\include\SFML\Graphics\ConvexShape.hpp" />
    <ClInclude Include="..\..\..\include\SFML\Graphics\Drawable.hpp" />
    <ClInclude Include="..\..\..\include\SFML\Graphics\Export.hpp" />
    <ClInclude Include="..\..\..\include\SFML\Graphics\Font.hpp" />
    <ClInclude Include="..\..\..\include\SFML\Graphics\Glyph.hpp" />
    <ClInclude Include="..\..\..\include\SFML\Graphics\Image.hpp" />
    <ClInclude Include="..\..\..\include\SFML\Graphics\PrimitiveType.hpp" />
    <ClInclude Include="..\..\..\include\SFML\Graphics\Rect.hpp" />
    <ClInclude Include="..\..\..\include\SFML\Graphics\RectangleShape.hpp" />
    <ClInclude Include="..\..\..\include\SFML\Graphics\RenderStates.hpp" />
    <ClInclude Include="..\..\..\include\SFML\Graphics\RenderTarget.hpp" />
    <ClInclude Include="..\..\..\include\SFML\Graphics\RenderTexture.hpp" />
    <ClInclude Include="..\..\..\include\SFML\Graphics\RenderWindow.hpp" />
    <ClInclude Include="..\..\..\include\SFML\Graphics\Shader.hpp" />
    <ClInclude Include="..\..\..\include\SFML\Graphics\Shape.hpp" />
    <ClInclude Include="..\..\..\include\SFML\Graphics\Sprite.hpp" />
    <ClInclude Include="..\..\..\include\SFML\Graphics\Text.hpp" />
    <ClInclude Include="..\..\..\include\SFML\Graphics\Texture.hpp" />
    <ClInclude Include="..\..\..\include\SFML\Graphics\Transform.hpp" />
    <ClInclude Include="..\..\..\include\SFML\Graphics\Transformable.hpp" />
    <ClInclude Include="..\..\..\include\SFML\Graphics\Vertex.hpp" />
    <ClInclude Include="..\..\..\include\SFML\Graphics\VertexArray.hpp" />
    <ClInclude Include="..\..\..\include\SFML\Graphics\View.hpp" />
    <ClInclude Include="..\..\..\include\SFML\Graphics\BlendMode.hpp">
      <Filter>Header</Filter>
    </ClInclude>
    <ClInclude Include="..\..\..\include\SFML\Graphics\CircleShape.hpp" />
    <ClInclude Include="..\..\..\include\SFML\Graphics\Color.hpp" />
    <ClInclude Include="..\..\..\include\SFML\Graphics\ConvexShape.hpp" />
    <ClInclude Include="..\..\..\include\SFML\Graphics\Drawable.hpp" />
    <ClInclude Include="..\..\..\include\SFML\Graphics\Export.hpp" />
    <ClInclude Include="..\..\..\include\SFML\Graphics\Font.hpp" />
    <ClInclude Include="..\..\..\include\SFML\Graphics\Glyph.hpp" />
    <ClInclude Include="..\..\..\include\SFML\Graphics\Image.hpp" />
    <ClInclude Include="..\..\..\include\SFML\Graphics\PrimitiveType.hpp" />
    <ClInclude Include="..\..\..\include\SFML\Graphics\Rect.hpp" />
    <ClInclude Include="..\..\..\include\SFML\Graphics\RectangleShape.hpp" />
    <ClInclude Include="..\..\..\include\SFML\Graphics\RenderStates.hpp" />
    <ClInclude Include="..\..\..\include\SFML\Graphics\RenderTarget.hpp" />
    <ClInclude Include="..\..\..\include\SFML\Graphics\RenderTexture.hpp" />
    <ClInclude Include="..\..\..\include\SFML\Graphics\RenderWindow.hpp" />
    <ClInclude Include="..\..\..\include\SFML\Graphics\Shader.hpp" />
    <ClInclude Include="..\..\..\include\SFML\Graphics\Shape.hpp" />
    <ClInclude Include="..\..\..\include\SFML\Graphics\Sprite.hpp" />
    <ClInclude Include="..\..\..\include\SFML\Graphics\Text.hpp" />
    <ClInclude Include="..\..\..\include\SFML\Graphics\Texture.hpp" />
    <ClInclude Include="..\..\..\include\SFML\Graphics\Transform.hpp" />
    <ClInclude Include="..\..\..\include\SFML\Graphics\Transformable.hpp" />
    <ClInclude Include="..\..\..\include\SFML\Graphics\Vertex.hpp" />
    <ClInclude Include="..\..\..\include\SFML\Graphics\VertexArray.hpp" />
    <ClInclude Include="..\..\..\include\SFML\Graphics\View.hpp" />
    <ClInclude Include="..\..\..\include\SFML\Graphics\BlendMode.hpp">
      <Filter>Header</Filter>
    </ClInclude>
    <ClInclude Include="..\..\..\include\SFML\Graphics\CircleShape.hpp" />
    <ClInclude Include="..\..\..\include\SFML\Graphics\Color.hpp" />
    <ClInclude Include="..\..\..\include\SFML\Graphics\ConvexShape.hpp" />
    <ClInclude Include="..\..\..\include\SFML\Graphics\Drawable.hpp" />
    <ClInclude Include="..\..\..\include\SFML\Graphics\Export.hpp" />
    <ClInclude Include="..\..\..\include\SFML\Graphics\Font.hpp" />
    <ClInclude Include="..\..\..\include\SFML\Graphics\Glyph.hpp" />
    <ClInclude Include="..\..\..\include\SFML\Graphics\Image.hpp" />
    <ClInclude Include="..\..\..\include\SFML\Graphics\PrimitiveType.hpp" />
    <ClInclude Include="..\..\..\include\SFML\Graphics\Rect.hpp" />
    <ClInclude Include="..\..\..\include\SFML\Graphics\RectangleShape.hpp" />
    <ClInclude Include="..\..\..\include\SFML\Graphics\RenderStates.hpp" />
    <ClInclude Include="..\..\..\include\SFML\Graphics\RenderTarget.hpp" />
    <ClInclude Include="..\..\..\include\SFML\Graphics\RenderTexture.hpp" />
    <ClInclude Include="..\..\..\include\SFML\Graphics\RenderWindow.hpp" />
    <ClInclude Include="..\..\..\include\SFML\Graphics\Shader.hpp" />
    <ClInclude Include="..\..\..\include\SFML\Graphics\Shape.hpp" />
    <ClInclude Include="..\..\..\include\SFML\Graphics\Sprite.hpp" />
    <ClInclude Include="..\..\..\include\SFML\Graphics\Text.hpp" />
    <ClInclude Include="..\..\..\include\SFML\Graphics\Texture.hpp" />
    <ClInclude Include="..\..\..\include\SFML\Graphics\Transform.hpp" />
    <ClInclude Include="..\..\..\include\SFML\Graphics\Transformable.hpp" />
    <ClInclude Include="..\..\..\include\SFML\Graphics\Vertex.hpp" />
    <ClInclude Include="..\..\..\include\SFML\Graphics\VertexArray.hpp" />
    <ClInclude Include="..\..\..\include\SFML\Graphics\View.hpp" />
    <ClInclude Include="..\..\..\include\SFML\Graphics\BlendMode.hpp">
      <Filter>Header</Filter>
    </ClInclude>
    <ClInclude Include="..\..\..\include\SFML\Graphics\CircleShape.hpp" />
    <ClInclude Include="..\..\..\include\SFML\Graphics\Color.hpp" />
    <ClInclude Include="..\..\..\include\SFML\Graphics\ConvexShape.hpp" />
    <ClInclude Include="..\..\..\include\SFML\Graphics\Drawable.hpp" />
    <ClInclude Include="..\..\..\include\SFML\Graphics\Export.hpp" />
    <ClInclude Include="..\..\..\include\SFML\Graphics\Font.hpp" />
    <ClInclude Include="..\..\..\include\SFML\Graphics\Glyph.hpp" />
    <ClInclude Include="..\..\..\include\SFML\Graphics\Image.hpp" />
    <ClInclude Include="..\..\..\include\SFML\Graphics\PrimitiveType.hpp" />
    <ClInclude Include="..\..\..\include\SFML\Graphics\Rect.hpp" />
    <ClInclude Include="..\..\..\include\SFML\Graphics\RectangleShape.hpp" />
    <ClInclude Include="..\..\..\include\SFML\Graphics\RenderStates.hpp" />
    <ClInclude Include="..\..\..\include\SFML\Graphics\RenderTarget.hpp" />
    <ClInclude Include="..\..\..\include\SFML\Graphics\RenderTexture.hpp" />
    <ClInclude Include="..\..\..\include\SFML\Graphics\RenderWindow.hpp" />
    <ClInclude Include="..\..\..\include\SFML\Graphics\Shader.hpp" />
    <ClInclude Include="..\..\..\include\SFML\Graphics\Shape.hpp" />
    <ClInclude Include="..\..\..\include\SFML\Graphics\Sprite.hpp" />
    <ClInclude Include="..\..\..\include\SFML\Graphics\Text.hpp" />
    <ClInclude Include="..\..\..\include\SFML\Graphics\Texture.hpp" />
    <ClInclude Include="..\..\..\include\SFML\Graphics\Transform.hpp" />
    <ClInclude Include="..\..\..\include\SFML\Graphics\Transformable.hpp" />
    <ClInclude Include="..\..\..\include\SFML\Graphics\Vertex.hpp" />
    <ClInclude Include="..\..\..\include\SFML\Graphics\VertexArray.hpp" />
    <ClInclude Include="..\..\..\include\SFML\Graphics\View.hpp" />
    <ClInclude Include="..\..\..\include\SFML\Graphics\BlendMode.hpp">
      <Filter>Header</Filter>
    </ClInclude>
    <ClInclude Include="..\..\..\include\SFML\Graphics\CircleShape.hpp" />
    <ClInclude Include="..\..\..\include\SFML\Graphics\Color.hpp" />
    <ClInclude Include="..\..\..\include\SFML\Graphics\ConvexShape.hpp" />
    <ClInclude Include="..\..\..\include\SFML\Graphics\Drawable.hpp" />
    <ClInclude Include="..\..\..\include\SFML\Graphics\Export.hpp" />
    <ClInclude Include="..\..\..\include\SFML\Graphics\Font.hpp" />
    <ClInclude Include="..\..\..\include\SFML\Graphics\Glyph.hpp" />
    <ClInclude Include="..\..\..\include\SFML\Graphics\Image.hpp" />
    <ClInclude Include="..\..\..\include\SFML\Graphics\PrimitiveType.hpp" />
    <ClInclude Include="..\..\..\include\SFML\Graphics\Rect.hpp" />
    <ClInclude Include="..\..\..\include\SFML\Graphics\RectangleShape.hpp" />
    <ClInclude Include="..\..\..\include\SFML\Graphics\RenderStates.hpp" />
    <ClInclude Include="..\..\..\include\SFML\Graphics\RenderTarget.hpp" />
    <ClInclude Include="..\..\..\include\SFML\Graphics\RenderTexture.hpp" />
    <ClInclude Include="..\..\..\include\SFML\Graphics\RenderWindow.hpp" />
    <ClInclude Include="..\..\..\include\SFML\Graphics\Shader.hpp" />
    <ClInclude Include="..\..\..\include\SFML\Graphics\Shape.hpp" />
    <ClInclude Include="..\..\..\include\SFML\Graphics\Sprite.hpp" />
    <ClInclude Include="..\..\..\include\SFML\Graphics\Text.hpp" />
    <ClInclude Include="..\..\..\include\SFML\Graphics\Texture.hpp" />
    <ClInclude Include="..\..\..\include\SFML\Graphics\Transform.hpp" />
    <ClInclude Include="..\..\..\include\SFML\Graphics\Transformable.hpp" />
    <ClInclude Include="..\..\..\include\SFML\Graphics\Vertex.hpp" />
    <ClInclude Include="..\..\..\include\SFML\Graphics\VertexArray.hpp" />
    <ClInclude Include="..\..\..\include\SFML\Graphics\View.hpp" />
    <ClInclude Include="..\..\..\include\SFML\Graphics\BlendMode.hpp">
      <Filter>Header</Filter>
    </ClInclude>
    <ClInclude Include="..\..\..\include\SFML\Graphics\CircleShape.hpp" />
    <ClInclude Include="..\..\..\include\SFML\Graphics\Color.hpp" />
    <ClInclude Include="..\..\..\include\SFML\Graphics\ConvexShape.hpp" />
    <ClInclude Include="..\..\..\include\SFML\Graphics\Drawable.hpp" />
    <ClInclude Include="..\..\..\include\SFML\Graphics\Export.hpp" />
    <ClInclude Include="..\..\..\include\SFML\Graphics\Font.hpp" />
    <ClInclude Include="..\..\..\include\SFML\Graphics\Glyph.hpp" />
    <ClInclude Include="..\..\..\include\SFML\Graphics\Image.hpp" />
    <ClInclude Include="..\..\..\include\SFML\Graphics\PrimitiveType.hpp" />
    <ClInclude Include="..\..\..\include\SFML\Graphics\Rect.hpp" />
    <ClInclude Include="..\..\..\include\SFML\Graphics\RectangleShape.hpp" />
    <ClInclude Include="..\..\..\include\SFML\Graphics\RenderStates.hpp" />
    <ClInclude Include="..\..\..\include\SFML\Graphics\RenderTarget.hpp" />
    <ClInclude Include="..\..\..\include\SFML\Graphics\RenderTexture.hpp" />
    <ClInclude Include="..\..\..\include\SFML\Graphics\RenderWindow.hpp" />
    <ClInclude Include="..\..\..\include\SFML\Graphics\Shader.hpp" />
    <ClInclude Include="..\..\..\include\SFML\Graphics\Shape.hpp" />
    <ClInclude Include="..\..\..\include\SFML\Graphics\Sprite.hpp" />
    <ClInclude Include="..\..\..\include\SFML\Graphics\Text.hpp" />
    <ClInclude Include="..\..\..\include\SFML\Graphics\Texture.hpp" />
    <ClInclude Include="..\..\..\include\SFML\Graphics\Transform.hpp" />
    <ClInclude Include="..\..\..\include\SFML\Graphics\Transformable.hpp" />
    <ClInclude Include="..\..\..\include\SFML\Graphics\Vertex.hpp" />
    <ClInclude Include="..\..\..\include\SFML\Graphics\VertexArray.hpp" />
    <ClInclude Include="..\..\..\include\SFML\Graphics\View.hpp" />
    <ClInclude Include="..\..\..\include\SFML\Graphics\BlendMode.hpp">
      <Filter>Header</Filter>
    </ClInclude>
    <ClInclude Include="..\..\..\include\SFML\Graphics\CircleShape.hpp" />
    <ClInclude Include="..\..\..\include\SFML\Graphics\Color.hpp" />
    <ClInclude Include="..\..\..\include\SFML\Graphics\ConvexShape.hpp" />
    <ClInclude Include="..\..\..\include\SFML\Graphics\Drawable.hpp" />
    <ClInclude Include="..\..\..\include\SFML\Graphics\Export.hpp" />
    <ClInclude Include="..\..\..\include\SFML\Graphics\Font.hpp" />
    <ClInclude Include="..\..\..\include\SFML\Graphics\Glyph.hpp" />
    <ClInclude Include="..\..\..\include\SFML\Graphics\Image.hpp" />
    <ClInclude Include="..\..\..\include\SFML\Graphics\PrimitiveType.hpp" />
    <ClInclude Include="..\..\..\include\SFML\Graphics\Rect.hpp" />
    <ClInclude Include="..\..\..\include\SFML\Graphics\RectangleShape.hpp" />
    <ClInclude Include="..\..\..\include\SFML\Graphics\RenderStates.hpp" />
    <ClInclude Include="..\..\..\include\SFML\Graphics\RenderTarget.hpp" />
    <ClInclude Include="..\..\..\include\SFML\Graphics\RenderTexture.hpp" />
    <ClInclude Include="..\..\..\include\SFML\Graphics\RenderWindow.hpp" />
    <ClInclude Include="..\..\..\include\SFML\Graphics\Shader.hpp" />
    <ClInclude Include="..\..\..\include\SFML\Graphics\Shape.hpp" />
    <ClInclude Include="..\..\..\include\SFML\Graphics\Sprite.hpp" />
    <ClInclude Include="..\..\..\include\SFML\Graphics\Text.hpp" />
    <ClInclude Include="..\..\..\include\SFML\Graphics\Texture.hpp" />
    <ClInclude Include="..\..\..\include\SFML\Graphics\Transform.hpp" />
    <ClInclude Include="..\..\..\include\SFML\Graphics\Transformable.hpp" />
    <ClInclude Include="..\..\..\include\SFML\Graphics\Vertex.hpp" />
    <ClInclude Include="..\..\..\include\SFML\Graphics\VertexArray.hpp" />
    <ClInclude Include="..\..\..\include\SFML\Graphics\View.hpp" />
    <ClInclude Include="..\..\..\include\SFML\Graphics\BlendMode.hpp">
      <Filter>Header</Filter>
    </ClInclude>
    <ClInclude Include="..\..\..\include\SFML\Graphics\CircleShape.hpp" />
    <ClInclude Include="..\..\..\include\SFML\Graphics\Color.hpp" />
    <ClInclude Include="..\..\..\include\SFML\Graphics\ConvexShape.hpp" />
    <ClInclude Include="..\..\..\include\SFML\Graphics\Drawable.hpp" />
    <ClInclude Include="..\..\..\include\SFML\Graphics\Export.hpp" />
    <ClInclude Include="..\..\..\include\SFML\Graphics\Font.hpp" />
    <ClInclude Include="..\..\..\include\SFML\Graphics\Glyph.hpp" />
    <ClInclude Include="..\..\..\include\SFML\Graphics\Image.hpp" />
    <ClInclude Include="..\..\..\include\SFML\Graphics\PrimitiveType.hpp" />
    <ClInclude Include="..\..\..\include\SFML\Graphics\Rect.hpp" />
    <ClInclude Include="..\..\..\include\SFML\Graphics\RectangleShape.hpp" />
    <ClInclude Include="..\..\..\include\SFML\Graphics\RenderStates.hpp" />
    <ClInclude Include="..\..\..\include\SFML\Graphics\RenderTarget.hpp" />
    <ClInclude Include="..\..\..\include\SFML\Graphics\RenderTexture.hpp" />
    <ClInclude Include="..\..\..\include\SFML\Graphics\RenderWindow.hpp" />
    <ClInclude Include="..\..\..\include\SFML\Graphics\Shader.hpp" />
    <ClInclude Include="..\..\..\include\SFML\Graphics\Shape.hpp" />
    <ClInclude Include="..\..\..\include\SFML\Graphics\Sprite.hpp" />
    <ClInclude Include="..\..\..\include\SFML\Graphics\Text.hpp" />
    <ClInclude Include="..\..\..\include\SFML\Graphics\Texture.hpp" />
    <ClInclude Include="..\..\..\include\SFML\Graphics\Transform.hpp" />
    <ClInclude Include="..\..\..\include\SFML\Graphics\Transformable.hpp" />
    <ClInclude Include="..\..\..\include\SFML\Graphics\Vertex.hpp" />
    <ClInclude Include="..\..\..\include\SFML\Graphics\VertexArray.hpp" />
    <ClInclude Include="..\..\..\include\SFML\Graphics\View.hpp" />
    <ClInclude Include="..\..\..\include\SFML\Graphics\BlendMode.hpp">
      <Filter>Header</Filter>
    </ClInclude>
    <ClInclude Include="..\..\..\include\SFML\Graphics\CircleShape.hpp" />
    <ClInclude Include="..\..\..\include\SFML\Graphics\Color.hpp" />
    <ClInclude Include="..\..\..\include\SFML\Graphics\ConvexShape.hpp" />
    <ClInclude Include="..\..\..\include\SFML\Graphics\Drawable.hpp" />
    <ClInclude Include="..\..\..\include\SFML\Graphics\Export.hpp" />
    <ClInclude Include="..\..\..\include\SFML\Graphics\Font.hpp" />
    <ClInclude Include="..\..\..\include\SFML\Graphics\Glyph.hpp" />
    <ClInclude Include="..\..\..\include\SFML\Graphics\Image.hpp" />
    <ClInclude Include="..\..\..\include\SFML\Graphics\PrimitiveType.hpp" />
    <ClInclude Include="..\..\..\include\SFML\Graphics\Rect.hpp" />
    <ClInclude Include="..\..\..\include\SFML\Graphics\RectangleShape.hpp" />
    <ClInclude Include="..\..\..\include\SFML\Graphics\RenderStates.hpp" />
    <ClInclude Include="..\..\..\include\SFML\Graphics\RenderTarget.hpp" />
    <ClInclude Include="..\..\..\include\SFML\Graphics\RenderTexture.hpp" />
    <ClInclude Include="..\..\..\include\SFML\Graphics\RenderWindow.hpp" />
    <ClInclude Include="..\..\..\include\SFML\Graphics\Shader.hpp" />
    <ClInclude Include="..\..\..\include\SFML\Graphics\Shape.hpp" />
    <ClInclude Include="..\..\..\include\SFML\Graphics\Sprite.hpp" />
    <ClInclude Include="..\..\..\include\SFML\Graphics\Text.hpp" />
    <ClInclude Include="..\..\..\include\SFML\Graphics\Texture.hpp" />
    <ClInclude Include="..\..\..\include\SFML\Graphics\Transform.hpp" />
    <ClInclude Include="..\..\..\include\SFML\Graphics\Transformable.hpp" />
    <ClInclude Include="..\..\..\include\SFML\Graphics\Vertex.hpp" />
    <ClInclude Include="..\..\..\include\SFML\Graphics\VertexArray.hpp" />
    <ClInclude Include="..\..\..\include\SFML\Graphics\View.hpp" />
    <ClInclude Include="..\..\..\include\SFML\Graphics\BlendMode.hpp">
      <Filter>Header</Filter>
    </ClInclude>
    <ClInclude Include="..\..\..\include\SFML\Graphics\CircleShape.hpp" />
    <ClInclude Include="..\..\..\include\SFML\Graphics\Color.hpp" />
    <ClInclude Include="..\..\..\include\SFML\Graphics\ConvexShape.hpp" />
    <ClInclude Include="..\..\..\include\SFML\Graphics\Drawable.hpp" />
    <ClInclude Include="..\..\..\include\SFML\Graphics\Export.hpp" />
    <ClInclude Include="..\..\..\include\SFML\Graphics\Font.hpp" />
    <ClInclude Include="..\..\..\include\SFML\Graphics\Glyph.hpp" />
    <ClInclude Include="..\..\..\include\SFML\Graphics\Image.hpp" />
    <ClInclude Include="..\..\..\include\SFML\Graphics\PrimitiveType.hpp" />
    <ClInclude Include="..\..\..\include\SFML\Graphics\Rect.hpp" />
    <ClInclude Include="..\..\..\include\SFML\Graphics\RectangleShape.hpp" />
    <ClInclude Include="..\..\..\include\SFML\Graphics\RenderStates.hpp" />
    <ClInclude Include="..\..\..\include\SFML\Graphics\RenderTarget.hpp" />
    <ClInclude Include="..\..\..\include\SFML\Graphics\RenderTexture.hpp" />
    <ClInclude Include="..\..\..\include\SFML\Graphics\RenderWindow.hpp" />
    <ClInclude Include="..\..\..\include\SFML\Graphics\Shader.hpp" />
    <ClInclude Include="..\..\..\include\SFML\Graphics\Shape.hpp" />
    <ClInclude Include="..\..\..\include\SFML\Graphics\Sprite.hpp" />
    <ClInclude Include="..\..\..\include\SFML\Graphics\Text.hpp" />
    <ClInclude Include="..\..\..\include\SFML\Graphics\Texture.hpp" />
    <ClInclude Include="..\..\..\include\SFML\Graphics\Transform.hpp" />
    <ClInclude Include="..\..\..\include\SFML\Graphics\Transformable.hpp" />
    <ClInclude Include="..\..\..\include\SFML\Graphics\Vertex.hpp" />
    <ClInclude Include="..\..\..\include\SFML\Graphics\VertexArray.hpp" />
    <ClInclude Include="..\..\..\include\SFML\Graphics\View.hpp" />
    <ClInclude Include="..\..\..\include\SFML\Graphics\BlendMode.hpp">
      <Filter>Header</Filter>
    </ClInclude>
    <ClInclude Include="..\..\..\include\SFML\Graphics\CircleShape.hpp" />
    <ClInclude Include="..\..\..\include\SFML\Graphics\Color.hpp" />
    <ClInclude Include="..\..\..\include\SFML\Graphics\ConvexShape.hpp" />
    <ClInclude Include="..\..\..\include\SFML\Graphics\Drawable.hpp" />
    <ClInclude Include="..\..\..\include\SFML\Graphics\Export.hpp" />
    <ClInclude Include="..\..\..\include\SFML\Graphics\Font.hpp" />
    <ClInclude Include="..\..\..\include\SFML\Graphics\Glyph.hpp" />
    <ClInclude Include="..\..\..\include\SFML\Graphics\Image.hpp" />
    <ClInclude Include="..\..\..\include\SFML\Graphics\PrimitiveType.hpp" />
    <ClInclude Include="..\..\..\include\SFML\Graphics\Rect.hpp" />
    <ClInclude Include="..\..\..\include\SFML\Graphics\RectangleShape.hpp" />
    <ClInclude Include="..\..\..\include\SFML\Graphics\RenderStates.hpp" />
    <ClInclude Include="..\..\..\include\SFML\Graphics\RenderTarget.hpp" />
    <ClInclude Include="..\..\..\include\SFML\Graphics\RenderTexture.hpp" />
    <ClInclude Include="..\..\..\include\SFML\Graphics\RenderWindow.hpp" />
    <ClInclude Include="..\..\..\include\SFML\Graphics\Shader.hpp" />
    <ClInclude Include="..\..\..\include\SFML\Graphics\Shape.hpp" />
    <ClInclude Include="..\..\..\include\SFML\Graphics\Sprite.hpp" />
    <ClInclude Include="..\..\..\include\SFML\Graphics\Text.hpp" />
    <ClInclude Include="..\..\..\include\SFML\Graphics\Texture.hpp" />
    <ClInclude Include="..\..\..\include\SFML\Graphics\Transform.hpp" />
    <ClInclude Include="..\..\..\include\SFML\Graphics\Transformable.hpp" />
    <ClInclude Include="..\..\..\include\SFML\Graphics\Vertex.hpp" />
    <ClInclude Include="..\..\..\include\SFML\Graphics\VertexArray.hpp" />
    <ClInclude Include="..\..\..\include\SFML\Graphics\View.hpp" />
    <ClInclude Include="GLCheck.hpp">
      <Filter>Header</Filter>
    </ClInclude>
    <ClInclude Include="GLExtensions.hpp" />
    <ClInclude Include="GLLoader.hpp" />
    <ClInclude Include="ImageLoader.hpp" />
    <ClInclude Include="RenderTextureImpl.hpp" />
    <ClInclude Include="RenderTextureImplDefault.hpp" />
    <ClInclude Include="RenderTextureImplFBO.hpp" />
    <ClInclude Include="TextureSaver.hpp" />
    <ClInclude Include="GLCheck.hpp">
      <Filter>Header</Filter>
    </ClInclude>
    <ClInclude Include="GLExtensions.hpp" />
    <ClInclude Include="GLLoader.hpp" />
    <ClInclude Include="ImageLoader.hpp" />
    <ClInclude Include="RenderTextureImpl.hpp" />
    <ClInclude Include="RenderTextureImplDefault.hpp" />
    <ClInclude Include="RenderTextureImplFBO.hpp" />
    <ClInclude Include="TextureSaver.hpp" />
    <ClInclude Include="GLCheck.hpp">
      <Filter>Header</Filter>
    </ClInclude>
    <ClInclude Include="GLExtensions.hpp" />
    <ClInclude Include="GLLoader.hpp" />
    <ClInclude Include="ImageLoader.hpp" />
    <ClInclude Include="RenderTextureImpl.hpp" />
    <ClInclude Include="RenderTextureImplDefault.hpp" />
    <ClInclude Include="RenderTextureImplFBO.hpp" />
    <ClInclude Include="TextureSaver.hpp" />
    <ClInclude Include="GLCheck.hpp">
      <Filter>Header</Filter>
    </ClInclude>
    <ClInclude Include="GLExtensions.hpp" />
    <ClInclude Include="GLLoader.hpp" />
    <ClInclude Include="ImageLoader.hpp" />
    <ClInclude Include="RenderTextureImpl.hpp" />
    <ClInclude Include="RenderTextureImplDefault.hpp" />
    <ClInclude Include="RenderTextureImplFBO.hpp" />
    <ClInclude Include="TextureSaver.hpp" />
    <ClInclude Include="GLCheck.hpp">
      <Filter>Header</Filter>
    </ClInclude>
    <ClInclude Include="GLExtensions.hpp" />
    <ClInclude Include="GLLoader.hpp" />
    <ClInclude Include="ImageLoader.hpp" />
    <ClInclude Include="RenderTextureImpl.hpp" />
    <ClInclude Include="RenderTextureImplDefault.hpp" />
    <ClInclude Include="RenderTextureImplFBO.hpp" />
    <ClInclude Include="TextureSaver.hpp" />
    <ClInclude Include="GLCheck.hpp">
      <Filter>Header</Filter>
    </ClInclude>
    <ClInclude Include="GLExtensions.hpp" />
    <ClInclude Include="GLLoader.hpp" />
    <ClInclude Include="ImageLoader.hpp" />
    <ClInclude Include="RenderTextureImpl.hpp" />
    <ClInclude Include="RenderTextureImplDefault.hpp" />
    <ClInclude Include="RenderTextureImplFBO.hpp" />
    <ClInclude Include="TextureSaver.hpp" />
    <ClInclude Include="GLCheck.hpp">
      <Filter>Header</Filter>
    </ClInclude>
    <ClInclude Include="GLExtensions.hpp" />
    <ClInclude Include="GLLoader.hpp" />
    <ClInclude Include="ImageLoader.hpp" />
    <ClInclude Include="RenderTextureImpl.hpp" />
    <ClInclude Include="RenderTextureImplDefault.hpp" />
    <ClInclude Include="RenderTextureImplFBO.hpp" />
    <ClInclude Include="TextureSaver.hpp" />
    <ClInclude Include="GLCheck.hpp">
      <Filter>Header</Filter>
    </ClInclude>
    <ClInclude Include="GLExtensions.hpp" />
    <ClInclude Include="GLLoader.hpp" />
    <ClInclude Include="ImageLoader.hpp" />
    <ClInclude Include="RenderTextureImpl.hpp" />
    <ClInclude Include="RenderTextureImplDefault.hpp" />
    <ClInclude Include="RenderTextureImplFBO.hpp" />
    <ClInclude Include="TextureSaver.hpp" />
  </ItemGroup>
  <ItemGroup>
    <None Include="..\..\..\include\SFML\Graphics\*.inl">
      <Filter>Header</Filter>
    </None>
  </ItemGroup>
  <ItemGroup>
    <Text Include="GLExtensions.txt" />
    <Text Include="*.txt" />
  </ItemGroup>
</Project>