
Microsoft Visual Studio Solution File, Format Version 12.00
# Visual Studio 2013
VisualStudioVersion = 12.0.31101.0
MinimumVisualStudioVersion = 10.0.40219.1
Project("{2150E333-8FDC-42A3-9474-1A3956D46DE8}") = "SFML", "SFML", "{A794FD65-6636-4C13-B723-3A140F7A1403}"
EndProject
Project("{2150E333-8FDC-42A3-9474-1A3956D46DE8}") = "Examples", "Examples", "{28B8C433-46D6-4EB6-9FFA-8E75BA6375E7}"
EndProject
Project("{8BC9CEB8-8B4A-11D0-8D11-00A0C91BC942}") = "Window", "source\SFML\Window\Window.vcxproj", "{2EEF3145-5FE0-4EA9-9E63-9B204FEADD6C}"
EndProject
Project("{8BC9CEB8-8B4A-11D0-8D11-00A0C91BC942}") = "System", "source\SFML\System\System.vcxproj", "{2788476A-B460-4F68-8FAC-6C64871928AB}"
EndProject
Project("{8BC9CEB8-8B4A-11D0-8D11-00A0C91BC942}") = "Network", "source\SFML\Network\Network.vcxproj", "{AFA8B3CD-CA60-4912-B276-95F79C44EE26}"
	ProjectSection(ProjectDependencies) = postProject
		{2788476A-B460-4F68-8FAC-6C64871928AB} = {2788476A-B460-4F68-8FAC-6C64871928AB}
	EndProjectSection
EndProject
Project("{8BC9CEB8-8B4A-11D0-8D11-00A0C91BC942}") = "Main", "source\SFML\Main\Main.vcxproj", "{59AB7D88-52DC-42D1-B98B-39FC41E11F06}"
EndProject
Project("{8BC9CEB8-8B4A-11D0-8D11-00A0C91BC942}") = "Graphics", "source\SFML\Graphics\Graphics.vcxproj", "{26B6E1E6-29EC-4E8F-9759-D79A6E675832}"
EndProject
Project("{8BC9CEB8-8B4A-11D0-8D11-00A0C91BC942}") = "Audio", "source\SFML\Audio\Audio.vcxproj", "{F12E9996-4466-48A0-B088-85D8F155E41E}"
EndProject
Project("{8BC9CEB8-8B4A-11D0-8D11-00A0C91BC942}") = "Window", "source\SFML\Examples\Window\Window.vcxproj", "{86DFA6DC-D8B5-4692-8A9C-D6FCDE1F3768}"
	ProjectSection(ProjectDependencies) = postProject
		{2EEF3145-5FE0-4EA9-9E63-9B204FEADD6C} = {2EEF3145-5FE0-4EA9-9E63-9B204FEADD6C}
		{2788476A-B460-4F68-8FAC-6C64871928AB} = {2788476A-B460-4F68-8FAC-6C64871928AB}
	EndProjectSection
EndProject
Project("{8BC9CEB8-8B4A-11D0-8D11-00A0C91BC942}") = "Win32", "source\SFML\Examples\Win32\Win32.vcxproj", "{727D4713-3F4C-448F-BAC1-433EFA4D8425}"
	ProjectSection(ProjectDependencies) = postProject
		{2EEF3145-5FE0-4EA9-9E63-9B204FEADD6C} = {2EEF3145-5FE0-4EA9-9E63-9B204FEADD6C}
		{2788476A-B460-4F68-8FAC-6C64871928AB} = {2788476A-B460-4F68-8FAC-6C64871928AB}
		{26B6E1E6-29EC-4E8F-9759-D79A6E675832} = {26B6E1E6-29EC-4E8F-9759-D79A6E675832}
	EndProjectSection
EndProject
Project("{8BC9CEB8-8B4A-11D0-8D11-00A0C91BC942}") = "Voip", "source\SFML\Examples\Voip\Voip.vcxproj", "{3C27A6E7-DAA0-4C3F-851C-DA7C67AE3573}"
	ProjectSection(ProjectDependencies) = postProject
		{F12E9996-4466-48A0-B088-85D8F155E41E} = {F12E9996-4466-48A0-B088-85D8F155E41E}
		{AFA8B3CD-CA60-4912-B276-95F79C44EE26} = {AFA8B3CD-CA60-4912-B276-95F79C44EE26}
	EndProjectSection
EndProject
Project("{8BC9CEB8-8B4A-11D0-8D11-00A0C91BC942}") = "SoundCapture", "source\SFML\Examples\SoundCapture\SoundCapture.vcxproj", "{2399B0C4-5E73-47C8-A0C2-982F98C07AC6}"
	ProjectSection(ProjectDependencies) = postProject
		{F12E9996-4466-48A0-B088-85D8F155E41E} = {F12E9996-4466-48A0-B088-85D8F155E41E}
	EndProjectSection
EndProject
Project("{8BC9CEB8-8B4A-11D0-8D11-00A0C91BC942}") = "Sound", "source\SFML\Examples\Sound\Sound.vcxproj", "{DD38F8CF-D1ED-4F5A-B03B-BA5B5B1F61D8}"
	ProjectSection(ProjectDependencies) = postProject
		{F12E9996-4466-48A0-B088-85D8F155E41E} = {F12E9996-4466-48A0-B088-85D8F155E41E}
	EndProjectSection
EndProject
Project("{8BC9CEB8-8B4A-11D0-8D11-00A0C91BC942}") = "Sockets", "source\SFML\Examples\Sockets\Sockets.vcxproj", "{56ADF52A-5194-48FA-9C78-99DF31F99272}"
	ProjectSection(ProjectDependencies) = postProject
		{AFA8B3CD-CA60-4912-B276-95F79C44EE26} = {AFA8B3CD-CA60-4912-B276-95F79C44EE26}
	EndProjectSection
EndProject
Project("{8BC9CEB8-8B4A-11D0-8D11-00A0C91BC942}") = "Shader", "source\SFML\Examples\Shader\Shader.vcxproj", "{8547B526-5CCE-4B1F-AC90-5AB5D52B4F6D}"
	ProjectSection(ProjectDependencies) = postProject
		{26B6E1E6-29EC-4E8F-9759-D79A6E675832} = {26B6E1E6-29EC-4E8F-9759-D79A6E675832}
	EndProjectSection
EndProject
Project("{8BC9CEB8-8B4A-11D0-8D11-00A0C91BC942}") = "Pong", "source\SFML\Examples\Pong\Pong.vcxproj", "{F59C794C-506C-468C-B140-3BBEEC52774F}"
	ProjectSection(ProjectDependencies) = postProject
		{F12E9996-4466-48A0-B088-85D8F155E41E} = {F12E9996-4466-48A0-B088-85D8F155E41E}
		{26B6E1E6-29EC-4E8F-9759-D79A6E675832} = {26B6E1E6-29EC-4E8F-9759-D79A6E675832}
	EndProjectSection
EndProject
Project("{8BC9CEB8-8B4A-11D0-8D11-00A0C91BC942}") = "OpenGL", "source\SFML\Examples\Opengl\OpenGL.vcxproj", "{1BCCC5AE-2C7B-489D-84A0-23A082B1AE72}"
	ProjectSection(ProjectDependencies) = postProject
		{26B6E1E6-29EC-4E8F-9759-D79A6E675832} = {26B6E1E6-29EC-4E8F-9759-D79A6E675832}
	EndProjectSection
EndProject
Project("{8BC9CEB8-8B4A-11D0-8D11-00A0C91BC942}") = "Ftp", "source\SFML\Examples\Ftp\Ftp.vcxproj", "{CE9F1CA8-6AE4-428A-8D68-4526A5317DBB}"
	ProjectSection(ProjectDependencies) = postProject
		{AFA8B3CD-CA60-4912-B276-95F79C44EE26} = {AFA8B3CD-CA60-4912-B276-95F79C44EE26}
	EndProjectSection
EndProject
Global
	GlobalSection(SolutionConfigurationPlatforms) = preSolution
		Debug|Win32 = Debug|Win32
		Release|Win32 = Release|Win32
	EndGlobalSection
	GlobalSection(ProjectConfigurationPlatforms) = postSolution
		{2EEF3145-5FE0-4EA9-9E63-9B204FEADD6C}.Debug|Win32.ActiveCfg = Debug|Win32
		{2EEF3145-5FE0-4EA9-9E63-9B204FEADD6C}.Debug|Win32.Build.0 = Debug|Win32
		{2EEF3145-5FE0-4EA9-9E63-9B204FEADD6C}.Release|Win32.ActiveCfg = Release|Win32
		{2EEF3145-5FE0-4EA9-9E63-9B204FEADD6C}.Release|Win32.Build.0 = Release|Win32
		{2788476A-B460-4F68-8FAC-6C64871928AB}.Debug|Win32.ActiveCfg = Debug|Win32
		{2788476A-B460-4F68-8FAC-6C64871928AB}.Debug|Win32.Build.0 = Debug|Win32
		{2788476A-B460-4F68-8FAC-6C64871928AB}.Release|Win32.ActiveCfg = Release|Win32
		{2788476A-B460-4F68-8FAC-6C64871928AB}.Release|Win32.Build.0 = Release|Win32
		{AFA8B3CD-CA60-4912-B276-95F79C44EE26}.Debug|Win32.ActiveCfg = Debug|Win32
		{AFA8B3CD-CA60-4912-B276-95F79C44EE26}.Debug|Win32.Build.0 = Debug|Win32
		{AFA8B3CD-CA60-4912-B276-95F79C44EE26}.Release|Win32.ActiveCfg = Release|Win32
		{AFA8B3CD-CA60-4912-B276-95F79C44EE26}.Release|Win32.Build.0 = Release|Win32
		{59AB7D88-52DC-42D1-B98B-39FC41E11F06}.Debug|Win32.ActiveCfg = Debug|Win32
		{59AB7D88-52DC-42D1-B98B-39FC41E11F06}.Debug|Win32.Build.0 = Debug|Win32
		{59AB7D88-52DC-42D1-B98B-39FC41E11F06}.Release|Win32.ActiveCfg = Release|Win32
		{59AB7D88-52DC-42D1-B98B-39FC41E11F06}.Release|Win32.Build.0 = Release|Win32
		{26B6E1E6-29EC-4E8F-9759-D79A6E675832}.Debug|Win32.ActiveCfg = Debug|Win32
		{26B6E1E6-29EC-4E8F-9759-D79A6E675832}.Debug|Win32.Build.0 = Debug|Win32
		{26B6E1E6-29EC-4E8F-9759-D79A6E675832}.Release|Win32.ActiveCfg = Release|Win32
		{26B6E1E6-29EC-4E8F-9759-D79A6E675832}.Release|Win32.Build.0 = Release|Win32
		{F12E9996-4466-48A0-B088-85D8F155E41E}.Debug|Win32.ActiveCfg = Debug|Win32
		{F12E9996-4466-48A0-B088-85D8F155E41E}.Debug|Win32.Build.0 = Debug|Win32
		{F12E9996-4466-48A0-B088-85D8F155E41E}.Release|Win32.ActiveCfg = Release|Win32
		{F12E9996-4466-48A0-B088-85D8F155E41E}.Release|Win32.Build.0 = Release|Win32
		{86DFA6DC-D8B5-4692-8A9C-D6FCDE1F3768}.Debug|Win32.ActiveCfg = Debug|Win32
		{86DFA6DC-D8B5-4692-8A9C-D6FCDE1F3768}.Debug|Win32.Build.0 = Debug|Win32
		{86DFA6DC-D8B5-4692-8A9C-D6FCDE1F3768}.Release|Win32.ActiveCfg = Release|Win32
		{86DFA6DC-D8B5-4692-8A9C-D6FCDE1F3768}.Release|Win32.Build.0 = Release|Win32
		{727D4713-3F4C-448F-BAC1-433EFA4D8425}.Debug|Win32.ActiveCfg = Debug|Win32
		{727D4713-3F4C-448F-BAC1-433EFA4D8425}.Debug|Win32.Build.0 = Debug|Win32
		{727D4713-3F4C-448F-BAC1-433EFA4D8425}.Release|Win32.ActiveCfg = Release|Win32
		{727D4713-3F4C-448F-BAC1-433EFA4D8425}.Release|Win32.Build.0 = Release|Win32
		{3C27A6E7-DAA0-4C3F-851C-DA7C67AE3573}.Debug|Win32.ActiveCfg = Debug|Win32
		{3C27A6E7-DAA0-4C3F-851C-DA7C67AE3573}.Debug|Win32.Build.0 = Debug|Win32
		{3C27A6E7-DAA0-4C3F-851C-DA7C67AE3573}.Release|Win32.ActiveCfg = Release|Win32
		{3C27A6E7-DAA0-4C3F-851C-DA7C67AE3573}.Release|Win32.Build.0 = Release|Win32
		{2399B0C4-5E73-47C8-A0C2-982F98C07AC6}.Debug|Win32.ActiveCfg = Debug|Win32
		{2399B0C4-5E73-47C8-A0C2-982F98C07AC6}.Debug|Win32.Build.0 = Debug|Win32
		{2399B0C4-5E73-47C8-A0C2-982F98C07AC6}.Release|Win32.ActiveCfg = Release|Win32
		{2399B0C4-5E73-47C8-A0C2-982F98C07AC6}.Release|Win32.Build.0 = Release|Win32
		{DD38F8CF-D1ED-4F5A-B03B-BA5B5B1F61D8}.Debug|Win32.ActiveCfg = Debug|Win32
		{DD38F8CF-D1ED-4F5A-B03B-BA5B5B1F61D8}.Debug|Win32.Build.0 = Debug|Win32
		{DD38F8CF-D1ED-4F5A-B03B-BA5B5B1F61D8}.Release|Win32.ActiveCfg = Release|Win32
		{DD38F8CF-D1ED-4F5A-B03B-BA5B5B1F61D8}.Release|Win32.Build.0 = Release|Win32
		{56ADF52A-5194-48FA-9C78-99DF31F99272}.Debug|Win32.ActiveCfg = Debug|Win32
		{56ADF52A-5194-48FA-9C78-99DF31F99272}.Debug|Win32.Build.0 = Debug|Win32
		{56ADF52A-5194-48FA-9C78-99DF31F99272}.Release|Win32.ActiveCfg = Release|Win32
		{56ADF52A-5194-48FA-9C78-99DF31F99272}.Release|Win32.Build.0 = Release|Win32
		{8547B526-5CCE-4B1F-AC90-5AB5D52B4F6D}.Debug|Win32.ActiveCfg = Debug|Win32
		{8547B526-5CCE-4B1F-AC90-5AB5D52B4F6D}.Debug|Win32.Build.0 = Debug|Win32
		{8547B526-5CCE-4B1F-AC90-5AB5D52B4F6D}.Release|Win32.ActiveCfg = Release|Win32
		{8547B526-5CCE-4B1F-AC90-5AB5D52B4F6D}.Release|Win32.Build.0 = Release|Win32
		{F59C794C-506C-468C-B140-3BBEEC52774F}.Debug|Win32.ActiveCfg = Debug|Win32
		{F59C794C-506C-468C-B140-3BBEEC52774F}.Debug|Win32.Build.0 = Debug|Win32
		{F59C794C-506C-468C-B140-3BBEEC52774F}.Release|Win32.ActiveCfg = Release|Win32
		{F59C794C-506C-468C-B140-3BBEEC52774F}.Release|Win32.Build.0 = Release|Win32
		{1BCCC5AE-2C7B-489D-84A0-23A082B1AE72}.Debug|Win32.ActiveCfg = Debug|Win32
		{1BCCC5AE-2C7B-489D-84A0-23A082B1AE72}.Debug|Win32.Build.0 = Debug|Win32
		{1BCCC5AE-2C7B-489D-84A0-23A082B1AE72}.Release|Win32.ActiveCfg = Release|Win32
		{1BCCC5AE-2C7B-489D-84A0-23A082B1AE72}.Release|Win32.Build.0 = Release|Win32
		{CE9F1CA8-6AE4-428A-8D68-4526A5317DBB}.Debug|Win32.ActiveCfg = Debug|Win32
		{CE9F1CA8-6AE4-428A-8D68-4526A5317DBB}.Debug|Win32.Build.0 = Debug|Win32
		{CE9F1CA8-6AE4-428A-8D68-4526A5317DBB}.Release|Win32.ActiveCfg = Release|Win32
		{CE9F1CA8-6AE4-428A-8D68-4526A5317DBB}.Release|Win32.Build.0 = Release|Win32
	EndGlobalSection
	GlobalSection(SolutionProperties) = preSolution
		HideSolutionNode = FALSE
	EndGlobalSection
	GlobalSection(NestedProjects) = preSolution
		{28B8C433-46D6-4EB6-9FFA-8E75BA6375E7} = {A794FD65-6636-4C13-B723-3A140F7A1403}
		{2EEF3145-5FE0-4EA9-9E63-9B204FEADD6C} = {A794FD65-6636-4C13-B723-3A140F7A1403}
		{2788476A-B460-4F68-8FAC-6C64871928AB} = {A794FD65-6636-4C13-B723-3A140F7A1403}
		{AFA8B3CD-CA60-4912-B276-95F79C44EE26} = {A794FD65-6636-4C13-B723-3A140F7A1403}
		{59AB7D88-52DC-42D1-B98B-39FC41E11F06} = {A794FD65-6636-4C13-B723-3A140F7A1403}
		{26B6E1E6-29EC-4E8F-9759-D79A6E675832} = {A794FD65-6636-4C13-B723-3A140F7A1403}
		{F12E9996-4466-48A0-B088-85D8F155E41E} = {A794FD65-6636-4C13-B723-3A140F7A1403}
		{86DFA6DC-D8B5-4692-8A9C-D6FCDE1F3768} = {28B8C433-46D6-4EB6-9FFA-8E75BA6375E7}
		{727D4713-3F4C-448F-BAC1-433EFA4D8425} = {28B8C433-46D6-4EB6-9FFA-8E75BA6375E7}
		{3C27A6E7-DAA0-4C3F-851C-DA7C67AE3573} = {28B8C433-46D6-4EB6-9FFA-8E75BA6375E7}
		{2399B0C4-5E73-47C8-A0C2-982F98C07AC6} = {28B8C433-46D6-4EB6-9FFA-8E75BA6375E7}
		{DD38F8CF-D1ED-4F5A-B03B-BA5B5B1F61D8} = {28B8C433-46D6-4EB6-9FFA-8E75BA6375E7}
		{56ADF52A-5194-48FA-9C78-99DF31F99272} = {28B8C433-46D6-4EB6-9FFA-8E75BA6375E7}
		{8547B526-5CCE-4B1F-AC90-5AB5D52B4F6D} = {28B8C433-46D6-4EB6-9FFA-8E75BA6375E7}
		{F59C794C-506C-468C-B140-3BBEEC52774F} = {28B8C433-46D6-4EB6-9FFA-8E75BA6375E7}
		{1BCCC5AE-2C7B-489D-84A0-23A082B1AE72} = {28B8C433-46D6-4EB6-9FFA-8E75BA6375E7}
		{CE9F1CA8-6AE4-428A-8D68-4526A5317DBB} = {28B8C433-46D6-4EB6-9FFA-8E75BA6375E7}
	EndGlobalSection
EndGlobal
