<?xml version="1.0" encoding="utf-8"?>
<Project ToolsVersion="4.0" xmlns="http://schemas.microsoft.com/developer/msbuild/2003">
  <ItemGroup>
    <Filter Include="Header">
      <UniqueIdentifier>{05dd4742-f698-4a9d-bf65-3408b814d3ed}</UniqueIdentifier>
      <Extensions>h;hpp;inl</Extensions>
    </Filter>
    <Filter Include="Source">
      <UniqueIdentifier>{cd6be5bb-6fdf-45c7-9404-7ad663a654ac}</UniqueIdentifier>
      <Extensions>cpp</Extensions>
    </Filter>
  </ItemGroup>
  <ItemGroup>
    <ClCompile Include="Ftp.cpp">
      <Filter>Source</Filter>
    </ClCompile>
    <ClCompile Include="Http.cpp" />
    <ClCompile Include="IpAddress.cpp" />
    <ClCompile Include="Packet.cpp" />
    <ClCompile Include="Socket.cpp" />
    <ClCompile Include="SocketSelector.cpp" />
    <ClCompile Include="TcpListener.cpp" />
    <ClCompile Include="TcpSocket.cpp" />
    <ClCompile Include="UdpSocket.cpp" />
    <ClCompile Include="Ftp.cpp">
      <Filter>Source</Filter>
    </ClCompile>
    <ClCompile Include="Http.cpp" />
    <ClCompile Include="IpAddress.cpp" />
    <ClCompile Include="Packet.cpp" />
    <ClCompile Include="Socket.cpp" />
    <ClCompile Include="SocketSelector.cpp" />
    <ClCompile Include="TcpListener.cpp" />
    <ClCompile Include="TcpSocket.cpp" />
    <ClCompile Include="UdpSocket.cpp" />
    <ClCompile Include="Ftp.cpp">
      <Filter>Source</Filter>
    </ClCompile>
    <ClCompile Include="Http.cpp" />
    <ClCompile Include="IpAddress.cpp" />
    <ClCompile Include="Packet.cpp" />
    <ClCompile Include="Socket.cpp" />
    <ClCompile Include="SocketSelector.cpp" />
    <ClCompile Include="TcpListener.cpp" />
    <ClCompile Include="TcpSocket.cpp" />
    <ClCompile Include="UdpSocket.cpp" />
    <ClCompile Include="Ftp.cpp">
      <Filter>Source</Filter>
    </ClCompile>
    <ClCompile Include="Http.cpp" />
    <ClCompile Include="IpAddress.cpp" />
    <ClCompile Include="Packet.cpp" />
    <ClCompile Include="Socket.cpp" />
    <ClCompile Include="SocketSelector.cpp" />
    <ClCompile Include="TcpListener.cpp" />
    <ClCompile Include="TcpSocket.cpp" />
    <ClCompile Include="UdpSocket.cpp" />
    <ClCompile Include="Ftp.cpp">
      <Filter>Source</Filter>
    </ClCompile>
    <ClCompile Include="Http.cpp" />
    <ClCompile Include="IpAddress.cpp" />
    <ClCompile Include="Packet.cpp" />
    <ClCompile Include="Socket.cpp" />
    <ClCompile Include="SocketSelector.cpp" />
    <ClCompile Include="TcpListener.cpp" />
    <ClCompile Include="TcpSocket.cpp" />
    <ClCompile Include="UdpSocket.cpp" />
    <ClCompile Include="Ftp.cpp">
      <Filter>Source</Filter>
    </ClCompile>
    <ClCompile Include="Http.cpp" />
    <ClCompile Include="IpAddress.cpp" />
    <ClCompile Include="Packet.cpp" />
    <ClCompile Include="Socket.cpp" />
    <ClCompile Include="SocketSelector.cpp" />
    <ClCompile Include="TcpListener.cpp" />
    <ClCompile Include="TcpSocket.cpp" />
    <ClCompile Include="UdpSocket.cpp" />
    <ClCompile Include="Ftp.cpp">
      <Filter>Source</Filter>
    </ClCompile>
    <ClCompile Include="Http.cpp" />
    <ClCompile Include="IpAddress.cpp" />
    <ClCompile Include="Packet.cpp" />
    <ClCompile Include="Socket.cpp" />
    <ClCompile Include="SocketSelector.cpp" />
    <ClCompile Include="TcpListener.cpp" />
    <ClCompile Include="TcpSocket.cpp" />
    <ClCompile Include="UdpSocket.cpp" />
    <ClCompile Include="Ftp.cpp">
      <Filter>Source</Filter>
    </ClCompile>
    <ClCompile Include="Http.cpp" />
    <ClCompile Include="IpAddress.cpp" />
    <ClCompile Include="Packet.cpp" />
    <ClCompile Include="Socket.cpp" />
    <ClCompile Include="SocketSelector.cpp" />
    <ClCompile Include="TcpListener.cpp" />
    <ClCompile Include="TcpSocket.cpp" />
    <ClCompile Include="UdpSocket.cpp" />
    <ClCompile Include="Win32\*.cpp">
      <Filter>Source</Filter>
    </ClCompile>
    <ClCompile Include="Ftp.cpp">
      <Filter>Source</Filter>
    </ClCompile>
    <ClCompile Include="Http.cpp" />
    <ClCompile Include="IpAddress.cpp" />
    <ClCompile Include="Packet.cpp" />
    <ClCompile Include="Socket.cpp" />
    <ClCompile Include="SocketSelector.cpp" />
    <ClCompile Include="TcpListener.cpp" />
    <ClCompile Include="TcpSocket.cpp" />
    <ClCompile Include="UdpSocket.cpp" />
    <ClCompile Include="Ftp.cpp">
      <Filter>Source</Filter>
    </ClCompile>
    <ClCompile Include="Http.cpp" />
    <ClCompile Include="IpAddress.cpp" />
    <ClCompile Include="Packet.cpp" />
    <ClCompile Include="Socket.cpp" />
    <ClCompile Include="SocketSelector.cpp" />
    <ClCompile Include="TcpListener.cpp" />
    <ClCompile Include="TcpSocket.cpp" />
    <ClCompile Include="UdpSocket.cpp" />
    <ClCompile Include="Ftp.cpp">
      <Filter>Source</Filter>
    </ClCompile>
    <ClCompile Include="Http.cpp" />
    <ClCompile Include="IpAddress.cpp" />
    <ClCompile Include="Packet.cpp" />
    <ClCompile Include="Socket.cpp" />
    <ClCompile Include="SocketSelector.cpp" />
    <ClCompile Include="TcpListener.cpp" />
    <ClCompile Include="TcpSocket.cpp" />
    <ClCompile Include="UdpSocket.cpp" />
    <ClCompile Include="Ftp.cpp">
      <Filter>Source</Filter>
    </ClCompile>
    <ClCompile Include="Http.cpp" />
    <ClCompile Include="IpAddress.cpp" />
    <ClCompile Include="Packet.cpp" />
    <ClCompile Include="Socket.cpp" />
    <ClCompile Include="SocketSelector.cpp" />
    <ClCompile Include="TcpListener.cpp" />
    <ClCompile Include="TcpSocket.cpp" />
    <ClCompile Include="UdpSocket.cpp" />
    <ClCompile Include="Ftp.cpp">
      <Filter>Source</Filter>
    </ClCompile>
    <ClCompile Include="Http.cpp" />
    <ClCompile Include="IpAddress.cpp" />
    <ClCompile Include="Packet.cpp" />
    <ClCompile Include="Socket.cpp" />
    <ClCompile Include="SocketSelector.cpp" />
    <ClCompile Include="TcpListener.cpp" />
    <ClCompile Include="TcpSocket.cpp" />
    <ClCompile Include="UdpSocket.cpp" />
    <ClCompile Include="Ftp.cpp">
      <Filter>Source</Filter>
    </ClCompile>
    <ClCompile Include="Http.cpp" />
    <ClCompile Include="IpAddress.cpp" />
    <ClCompile Include="Packet.cpp" />
    <ClCompile Include="Socket.cpp" />
    <ClCompile Include="SocketSelector.cpp" />
    <ClCompile Include="TcpListener.cpp" />
    <ClCompile Include="TcpSocket.cpp" />
    <ClCompile Include="UdpSocket.cpp" />
    <ClCompile Include="Ftp.cpp">
      <Filter>Source</Filter>
    </ClCompile>
    <ClCompile Include="Http.cpp" />
    <ClCompile Include="IpAddress.cpp" />
    <ClCompile Include="Packet.cpp" />
    <ClCompile Include="Socket.cpp" />
    <ClCompile Include="SocketSelector.cpp" />
    <ClCompile Include="TcpListener.cpp" />
    <ClCompile Include="TcpSocket.cpp" />
    <ClCompile Include="UdpSocket.cpp" />
    <ClCompile Include="Ftp.cpp">
      <Filter>Source</Filter>
    </ClCompile>
    <ClCompile Include="Http.cpp" />
    <ClCompile Include="IpAddress.cpp" />
    <ClCompile Include="Packet.cpp" />
    <ClCompile Include="Socket.cpp" />
    <ClCompile Include="SocketSelector.cpp" />
    <ClCompile Include="TcpListener.cpp" />
    <ClCompile Include="TcpSocket.cpp" />
    <ClCompile Include="UdpSocket.cpp" />
    <ClCompile Include="Ftp.cpp">
      <Filter>Source</Filter>
    </ClCompile>
    <ClCompile Include="Http.cpp" />
    <ClCompile Include="IpAddress.cpp" />
    <ClCompile Include="Packet.cpp" />
    <ClCompile Include="Socket.cpp" />
    <ClCompile Include="SocketSelector.cpp" />
    <ClCompile Include="TcpListener.cpp" />
    <ClCompile Include="TcpSocket.cpp" />
    <ClCompile Include="UdpSocket.cpp" />
  </ItemGroup>
  <ItemGroup>
    <ClInclude Include="..\..\..\include\SFML\Network\Export.hpp">
      <Filter>Header</Filter>
    </ClInclude>
    <ClInclude Include="..\..\..\include\SFML\Network\Ftp.hpp" />
    <ClInclude Include="..\..\..\include\SFML\Network\Http.hpp" />
    <ClInclude Include="..\..\..\include\SFML\Network\IpAddress.hpp" />
    <ClInclude Include="..\..\..\include\SFML\Network\Packet.hpp" />
    <ClInclude Include="..\..\..\include\SFML\Network\Socket.hpp" />
    <ClInclude Include="..\..\..\include\SFML\Network\SocketHandle.hpp" />
    <ClInclude Include="..\..\..\include\SFML\Network\SocketSelector.hpp" />
    <ClInclude Include="..\..\..\include\SFML\Network\TcpListener.hpp" />
    <ClInclude Include="..\..\..\include\SFML\Network\TcpSocket.hpp" />
    <ClInclude Include="..\..\..\include\SFML\Network\UdpSocket.hpp" />
    <ClInclude Include="..\..\..\include\SFML\Network\Export.hpp">
      <Filter>Header</Filter>
    </ClInclude>
    <ClInclude Include="..\..\..\include\SFML\Network\Ftp.hpp" />
    <ClInclude Include="..\..\..\include\SFML\Network\Http.hpp" />
    <ClInclude Include="..\..\..\include\SFML\Network\IpAddress.hpp" />
    <ClInclude Include="..\..\..\include\SFML\Network\Packet.hpp" />
    <ClInclude Include="..\..\..\include\SFML\Network\Socket.hpp" />
    <ClInclude Include="..\..\..\include\SFML\Network\SocketHandle.hpp" />
    <ClInclude Include="..\..\..\include\SFML\Network\SocketSelector.hpp" />
    <ClInclude Include="..\..\..\include\SFML\Network\TcpListener.hpp" />
    <ClInclude Include="..\..\..\include\SFML\Network\TcpSocket.hpp" />
    <ClInclude Include="..\..\..\include\SFML\Network\UdpSocket.hpp" />
    <ClInclude Include="..\..\..\include\SFML\Network\Export.hpp">
      <Filter>Header</Filter>
    </ClInclude>
    <ClInclude Include="..\..\..\include\SFML\Network\Ftp.hpp" />
    <ClInclude Include="..\..\..\include\SFML\Network\Http.hpp" />
    <ClInclude Include="..\..\..\include\SFML\Network\IpAddress.hpp" />
    <ClInclude Include="..\..\..\include\SFML\Network\Packet.hpp" />
    <ClInclude Include="..\..\..\include\SFML\Network\Socket.hpp" />
    <ClInclude Include="..\..\..\include\SFML\Network\SocketHandle.hpp" />
    <ClInclude Include="..\..\..\include\SFML\Network\SocketSelector.hpp" />
    <ClInclude Include="..\..\..\include\SFML\Network\TcpListener.hpp" />
    <ClInclude Include="..\..\..\include\SFML\Network\TcpSocket.hpp" />
    <ClInclude Include="..\..\..\include\SFML\Network\UdpSocket.hpp" />
    <ClInclude Include="..\..\..\include\SFML\Network\Export.hpp">
      <Filter>Header</Filter>
    </ClInclude>
    <ClInclude Include="..\..\..\include\SFML\Network\Ftp.hpp" />
    <ClInclude Include="..\..\..\include\SFML\Network\Http.hpp" />
    <ClInclude Include="..\..\..\include\SFML\Network\IpAddress.hpp" />
    <ClInclude Include="..\..\..\include\SFML\Network\Packet.hpp" />
    <ClInclude Include="..\..\..\include\SFML\Network\Socket.hpp" />
    <ClInclude Include="..\..\..\include\SFML\Network\SocketHandle.hpp" />
    <ClInclude Include="..\..\..\include\SFML\Network\SocketSelector.hpp" />
    <ClInclude Include="..\..\..\include\SFML\Network\TcpListener.hpp" />
    <ClInclude Include="..\..\..\include\SFML\Network\TcpSocket.hpp" />
    <ClInclude Include="..\..\..\include\SFML\Network\UdpSocket.hpp" />
    <ClInclude Include="..\..\..\include\SFML\Network\Export.hpp">
      <Filter>Header</Filter>
    </ClInclude>
    <ClInclude Include="..\..\..\include\SFML\Network\Ftp.hpp" />
    <ClInclude Include="..\..\..\include\SFML\Network\Http.hpp" />
    <ClInclude Include="..\..\..\include\SFML\Network\IpAddress.hpp" />
    <ClInclude Include="..\..\..\include\SFML\Network\Packet.hpp" />
    <ClInclude Include="..\..\..\include\SFML\Network\Socket.hpp" />
    <ClInclude Include="..\..\..\include\SFML\Network\SocketHandle.hpp" />
    <ClInclude Include="..\..\..\include\SFML\Network\SocketSelector.hpp" />
    <ClInclude Include="..\..\..\include\SFML\Network\TcpListener.hpp" />
    <ClInclude Include="..\..\..\include\SFML\Network\TcpSocket.hpp" />
    <ClInclude Include="..\..\..\include\SFML\Network\UdpSocket.hpp" />
    <ClInclude Include="..\..\..\include\SFML\Network\Export.hpp">
      <Filter>Header</Filter>
    </ClInclude>
    <ClInclude Include="..\..\..\include\SFML\Network\Ftp.hpp" />
    <ClInclude Include="..\..\..\include\SFML\Network\Http.hpp" />
    <ClInclude Include="..\..\..\include\SFML\Network\IpAddress.hpp" />
    <ClInclude Include="..\..\..\include\SFML\Network\Packet.hpp" />
    <ClInclude Include="..\..\..\include\SFML\Network\Socket.hpp" />
    <ClInclude Include="..\..\..\include\SFML\Network\SocketHandle.hpp" />
    <ClInclude Include="..\..\..\include\SFML\Network\SocketSelector.hpp" />
    <ClInclude Include="..\..\..\include\SFML\Network\TcpListener.hpp" />
    <ClInclude Include="..\..\..\include\SFML\Network\TcpSocket.hpp" />
    <ClInclude Include="..\..\..\include\SFML\Network\UdpSocket.hpp" />
    <ClInclude Include="..\..\..\include\SFML\Network\Export.hpp">
      <Filter>Header</Filter>
    </ClInclude>
    <ClInclude Include="..\..\..\include\SFML\Network\Ftp.hpp" />
    <ClInclude Include="..\..\..\include\SFML\Network\Http.hpp" />
    <ClInclude Include="..\..\..\include\SFML\Network\IpAddress.hpp" />
    <ClInclude Include="..\..\..\include\SFML\Network\Packet.hpp" />
    <ClInclude Include="..\..\..\include\SFML\Network\Socket.hpp" />
    <ClInclude Include="..\..\..\include\SFML\Network\SocketHandle.hpp" />
    <ClInclude Include="..\..\..\include\SFML\Network\SocketSelector.hpp" />
    <ClInclude Include="..\..\..\include\SFML\Network\TcpListener.hpp" />
    <ClInclude Include="..\..\..\include\SFML\Network\TcpSocket.hpp" />
    <ClInclude Include="..\..\..\include\SFML\Network\UdpSocket.hpp" />
    <ClInclude Include="..\..\..\include\SFML\Network\Export.hpp">
      <Filter>Header</Filter>
    </ClInclude>
    <ClInclude Include="..\..\..\include\SFML\Network\Ftp.hpp" />
    <ClInclude Include="..\..\..\include\SFML\Network\Http.hpp" />
    <ClInclude Include="..\..\..\include\SFML\Network\IpAddress.hpp" />
    <ClInclude Include="..\..\..\include\SFML\Network\Packet.hpp" />
    <ClInclude Include="..\..\..\include\SFML\Network\Socket.hpp" />
    <ClInclude Include="..\..\..\include\SFML\Network\SocketHandle.hpp" />
    <ClInclude Include="..\..\..\include\SFML\Network\SocketSelector.hpp" />
    <ClInclude Include="..\..\..\include\SFML\Network\TcpListener.hpp" />
    <ClInclude Include="..\..\..\include\SFML\Network\TcpSocket.hpp" />
    <ClInclude Include="..\..\..\include\SFML\Network\UdpSocket.hpp" />
    <ClInclude Include="..\..\..\include\SFML\Network\Export.hpp">
      <Filter>Header</Filter>
    </ClInclude>
    <ClInclude Include="..\..\..\include\SFML\Network\Ftp.hpp" />
    <ClInclude Include="..\..\..\include\SFML\Network\Http.hpp" />
    <ClInclude Include="..\..\..\include\SFML\Network\IpAddress.hpp" />
    <ClInclude Include="..\..\..\include\SFML\Network\Packet.hpp" />
    <ClInclude Include="..\..\..\include\SFML\Network\Socket.hpp" />
    <ClInclude Include="..\..\..\include\SFML\Network\SocketHandle.hpp" />
    <ClInclude Include="..\..\..\include\SFML\Network\SocketSelector.hpp" />
    <ClInclude Include="..\..\..\include\SFML\Network\TcpListener.hpp" />
    <ClInclude Include="..\..\..\include\SFML\Network\TcpSocket.hpp" />
    <ClInclude Include="..\..\..\include\SFML\Network\UdpSocket.hpp" />
    <ClInclude Include="..\..\..\include\SFML\Network\Export.hpp">
      <Filter>Header</Filter>
    </ClInclude>
    <ClInclude Include="..\..\..\include\SFML\Network\Ftp.hpp" />
    <ClInclude Include="..\..\..\include\SFML\Network\Http.hpp" />
    <ClInclude Include="..\..\..\include\SFML\Network\IpAddress.hpp" />
    <ClInclude Include="..\..\..\include\SFML\Network\Packet.hpp" />
    <ClInclude Include="..\..\..\include\SFML\Network\Socket.hpp" />
    <ClInclude Include="..\..\..\include\SFML\Network\SocketHandle.hpp" />
    <ClInclude Include="..\..\..\include\SFML\Network\SocketSelector.hpp" />
    <ClInclude Include="..\..\..\include\SFML\Network\TcpListener.hpp" />
    <ClInclude Include="..\..\..\include\SFML\Network\TcpSocket.hpp" />
    <ClInclude Include="..\..\..\include\SFML\Network\UdpSocket.hpp" />
    <ClInclude Include="Win32\*.hpp">
      <Filter>Header</Filter>
    </ClInclude>
  </ItemGroup>
</Project>