<?xml version="1.0" encoding="utf-8"?>
<Project ToolsVersion="4.0" xmlns="http://schemas.microsoft.com/developer/msbuild/2003">
  <ItemGroup>
    <Filter Include="Header">
      <UniqueIdentifier>{05dd4742-f698-4a9d-bf65-3408b814d3ed}</UniqueIdentifier>
      <Extensions>h;hpp;inl</Extensions>
    </Filter>
    <Filter Include="Source">
      <UniqueIdentifier>{cd6be5bb-6fdf-45c7-9404-7ad663a654ac}</UniqueIdentifier>
      <Extensions>cpp</Extensions>
    </Filter>
  </ItemGroup>
  <ItemGroup>
    <ClCompile Include="Context.cpp">
      <Filter>Source</Filter>
    </ClCompile>
    <ClCompile Include="GlContext.cpp" />
    <ClCompile Include="GlResource.cpp" />
    <ClCompile Include="Joystick.cpp" />
    <ClCompile Include="JoystickManager.cpp" />
    <ClCompile Include="Keyboard.cpp" />
    <ClCompile Include="Mouse.cpp" />
    <ClCompile Include="Sensor.cpp" />
    <ClCompile Include="SensorManager.cpp" />
    <ClCompile Include="Touch.cpp" />
    <ClCompile Include="VideoMode.cpp" />
    <ClCompile Include="Window.cpp" />
    <ClCompile Include="WindowImpl.cpp" />
    <ClCompile Include="Context.cpp">
      <Filter>Source</Filter>
    </ClCompile>
    <ClCompile Include="GlContext.cpp" />
    <ClCompile Include="GlResource.cpp" />
    <ClCompile Include="Joystick.cpp" />
    <ClCompile Include="JoystickManager.cpp" />
    <ClCompile Include="Keyboard.cpp" />
    <ClCompile Include="Mouse.cpp" />
    <ClCompile Include="Sensor.cpp" />
    <ClCompile Include="SensorManager.cpp" />
    <ClCompile Include="Touch.cpp" />
    <ClCompile Include="VideoMode.cpp" />
    <ClCompile Include="Window.cpp" />
    <ClCompile Include="WindowImpl.cpp" />
    <ClCompile Include="Context.cpp">
      <Filter>Source</Filter>
    </ClCompile>
    <ClCompile Include="GlContext.cpp" />
    <ClCompile Include="GlResource.cpp" />
    <ClCompile Include="Joystick.cpp" />
    <ClCompile Include="JoystickManager.cpp" />
    <ClCompile Include="Keyboard.cpp" />
    <ClCompile Include="Mouse.cpp" />
    <ClCompile Include="Sensor.cpp" />
    <ClCompile Include="SensorManager.cpp" />
    <ClCompile Include="Touch.cpp" />
    <ClCompile Include="VideoMode.cpp" />
    <ClCompile Include="Window.cpp" />
    <ClCompile Include="WindowImpl.cpp" />
    <ClCompile Include="Context.cpp">
      <Filter>Source</Filter>
    </ClCompile>
    <ClCompile Include="GlContext.cpp" />
    <ClCompile Include="GlResource.cpp" />
    <ClCompile Include="Joystick.cpp" />
    <ClCompile Include="JoystickManager.cpp" />
    <ClCompile Include="Keyboard.cpp" />
    <ClCompile Include="Mouse.cpp" />
    <ClCompile Include="Sensor.cpp" />
    <ClCompile Include="SensorManager.cpp" />
    <ClCompile Include="Touch.cpp" />
    <ClCompile Include="VideoMode.cpp" />
    <ClCompile Include="Window.cpp" />
    <ClCompile Include="WindowImpl.cpp" />
    <ClCompile Include="Context.cpp">
      <Filter>Source</Filter>
    </ClCompile>
    <ClCompile Include="GlContext.cpp" />
    <ClCompile Include="GlResource.cpp" />
    <ClCompile Include="Joystick.cpp" />
    <ClCompile Include="JoystickManager.cpp" />
    <ClCompile Include="Keyboard.cpp" />
    <ClCompile Include="Mouse.cpp" />
    <ClCompile Include="Sensor.cpp" />
    <ClCompile Include="SensorManager.cpp" />
    <ClCompile Include="Touch.cpp" />
    <ClCompile Include="VideoMode.cpp" />
    <ClCompile Include="Window.cpp" />
    <ClCompile Include="WindowImpl.cpp" />
    <ClCompile Include="Context.cpp">
      <Filter>Source</Filter>
    </ClCompile>
    <ClCompile Include="GlContext.cpp" />
    <ClCompile Include="GlResource.cpp" />
    <ClCompile Include="Joystick.cpp" />
    <ClCompile Include="JoystickManager.cpp" />
    <ClCompile Include="Keyboard.cpp" />
    <ClCompile Include="Mouse.cpp" />
    <ClCompile Include="Sensor.cpp" />
    <ClCompile Include="SensorManager.cpp" />
    <ClCompile Include="Touch.cpp" />
    <ClCompile Include="VideoMode.cpp" />
    <ClCompile Include="Window.cpp" />
    <ClCompile Include="WindowImpl.cpp" />
    <ClCompile Include="Context.cpp">
      <Filter>Source</Filter>
    </ClCompile>
    <ClCompile Include="GlContext.cpp" />
    <ClCompile Include="GlResource.cpp" />
    <ClCompile Include="Joystick.cpp" />
    <ClCompile Include="JoystickManager.cpp" />
    <ClCompile Include="Keyboard.cpp" />
    <ClCompile Include="Mouse.cpp" />
    <ClCompile Include="Sensor.cpp" />
    <ClCompile Include="SensorManager.cpp" />
    <ClCompile Include="Touch.cpp" />
    <ClCompile Include="VideoMode.cpp" />
    <ClCompile Include="Window.cpp" />
    <ClCompile Include="WindowImpl.cpp" />
    <ClCompile Include="Context.cpp">
      <Filter>Source</Filter>
    </ClCompile>
    <ClCompile Include="GlContext.cpp" />
    <ClCompile Include="GlResource.cpp" />
    <ClCompile Include="Joystick.cpp" />
    <ClCompile Include="JoystickManager.cpp" />
    <ClCompile Include="Keyboard.cpp" />
    <ClCompile Include="Mouse.cpp" />
    <ClCompile Include="Sensor.cpp" />
    <ClCompile Include="SensorManager.cpp" />
    <ClCompile Include="Touch.cpp" />
    <ClCompile Include="VideoMode.cpp" />
    <ClCompile Include="Window.cpp" />
    <ClCompile Include="WindowImpl.cpp" />
    <ClCompile Include="Context.cpp">
      <Filter>Source</Filter>
    </ClCompile>
    <ClCompile Include="GlContext.cpp" />
    <ClCompile Include="GlResource.cpp" />
    <ClCompile Include="Joystick.cpp" />
    <ClCompile Include="JoystickManager.cpp" />
    <ClCompile Include="Keyboard.cpp" />
    <ClCompile Include="Mouse.cpp" />
    <ClCompile Include="Sensor.cpp" />
    <ClCompile Include="SensorManager.cpp" />
    <ClCompile Include="Touch.cpp" />
    <ClCompile Include="VideoMode.cpp" />
    <ClCompile Include="Window.cpp" />
    <ClCompile Include="WindowImpl.cpp" />
    <ClCompile Include="Context.cpp">
      <Filter>Source</Filter>
    </ClCompile>
    <ClCompile Include="GlContext.cpp" />
    <ClCompile Include="GlResource.cpp" />
    <ClCompile Include="Joystick.cpp" />
    <ClCompile Include="JoystickManager.cpp" />
    <ClCompile Include="Keyboard.cpp" />
    <ClCompile Include="Mouse.cpp" />
    <ClCompile Include="Sensor.cpp" />
    <ClCompile Include="SensorManager.cpp" />
    <ClCompile Include="Touch.cpp" />
    <ClCompile Include="VideoMode.cpp" />
    <ClCompile Include="Window.cpp" />
    <ClCompile Include="WindowImpl.cpp" />
    <ClCompile Include="Context.cpp">
      <Filter>Source</Filter>
    </ClCompile>
    <ClCompile Include="GlContext.cpp" />
    <ClCompile Include="GlResource.cpp" />
    <ClCompile Include="Joystick.cpp" />
    <ClCompile Include="JoystickManager.cpp" />
    <ClCompile Include="Keyboard.cpp" />
    <ClCompile Include="Mouse.cpp" />
    <ClCompile Include="Sensor.cpp" />
    <ClCompile Include="SensorManager.cpp" />
    <ClCompile Include="Touch.cpp" />
    <ClCompile Include="VideoMode.cpp" />
    <ClCompile Include="Window.cpp" />
    <ClCompile Include="WindowImpl.cpp" />
    <ClCompile Include="Context.cpp">
      <Filter>Source</Filter>
    </ClCompile>
    <ClCompile Include="GlContext.cpp" />
    <ClCompile Include="GlResource.cpp" />
    <ClCompile Include="Joystick.cpp" />
    <ClCompile Include="JoystickManager.cpp" />
    <ClCompile Include="Keyboard.cpp" />
    <ClCompile Include="Mouse.cpp" />
    <ClCompile Include="Sensor.cpp" />
    <ClCompile Include="SensorManager.cpp" />
    <ClCompile Include="Touch.cpp" />
    <ClCompile Include="VideoMode.cpp" />
    <ClCompile Include="Window.cpp" />
    <ClCompile Include="WindowImpl.cpp" />
    <ClCompile Include="Context.cpp">
      <Filter>Source</Filter>
    </ClCompile>
    <ClCompile Include="GlContext.cpp" />
    <ClCompile Include="GlResource.cpp" />
    <ClCompile Include="Joystick.cpp" />
    <ClCompile Include="JoystickManager.cpp" />
    <ClCompile Include="Keyboard.cpp" />
    <ClCompile Include="Mouse.cpp" />
    <ClCompile Include="Sensor.cpp" />
    <ClCompile Include="SensorManager.cpp" />
    <ClCompile Include="Touch.cpp" />
    <ClCompile Include="VideoMode.cpp" />
    <ClCompile Include="Window.cpp" />
    <ClCompile Include="WindowImpl.cpp" />
    <ClCompile Include="Win32\InputImpl.cpp">
      <Filter>Source</Filter>
    </ClCompile>
    <ClCompile Include="Win32\JoystickImpl.cpp" />
    <ClCompile Include="Win32\SensorImpl.cpp" />
    <ClCompile Include="Win32\VideoModeImpl.cpp" />
    <ClCompile Include="Win32\WglContext.cpp" />
    <ClCompile Include="Win32\WglExtensions.cpp" />
    <ClCompile Include="Win32\WindowImplWin32.cpp" />
    <ClCompile Include="Win32\InputImpl.cpp">
      <Filter>Source</Filter>
    </ClCompile>
    <ClCompile Include="Win32\JoystickImpl.cpp" />
    <ClCompile Include="Win32\SensorImpl.cpp" />
    <ClCompile Include="Win32\VideoModeImpl.cpp" />
    <ClCompile Include="Win32\WglContext.cpp" />
    <ClCompile Include="Win32\WglExtensions.cpp" />
    <ClCompile Include="Win32\WindowImplWin32.cpp" />
    <ClCompile Include="Win32\InputImpl.cpp">
      <Filter>Source</Filter>
    </ClCompile>
    <ClCompile Include="Win32\JoystickImpl.cpp" />
    <ClCompile Include="Win32\SensorImpl.cpp" />
    <ClCompile Include="Win32\VideoModeImpl.cpp" />
    <ClCompile Include="Win32\WglContext.cpp" />
    <ClCompile Include="Win32\WglExtensions.cpp" />
    <ClCompile Include="Win32\WindowImplWin32.cpp" />
    <ClCompile Include="Win32\InputImpl.cpp">
      <Filter>Source</Filter>
    </ClCompile>
    <ClCompile Include="Win32\JoystickImpl.cpp" />
    <ClCompile Include="Win32\SensorImpl.cpp" />
    <ClCompile Include="Win32\VideoModeImpl.cpp" />
    <ClCompile Include="Win32\WglContext.cpp" />
    <ClCompile Include="Win32\WglExtensions.cpp" />
    <ClCompile Include="Win32\WindowImplWin32.cpp" />
    <ClCompile Include="Win32\InputImpl.cpp">
      <Filter>Source</Filter>
    </ClCompile>
    <ClCompile Include="Win32\JoystickImpl.cpp" />
    <ClCompile Include="Win32\SensorImpl.cpp" />
    <ClCompile Include="Win32\VideoModeImpl.cpp" />
    <ClCompile Include="Win32\WglContext.cpp" />
    <ClCompile Include="Win32\WglExtensions.cpp" />
    <ClCompile Include="Win32\WindowImplWin32.cpp" />
    <ClCompile Include="Win32\InputImpl.cpp">
      <Filter>Source</Filter>
    </ClCompile>
    <ClCompile Include="Win32\JoystickImpl.cpp" />
    <ClCompile Include="Win32\SensorImpl.cpp" />
    <ClCompile Include="Win32\VideoModeImpl.cpp" />
    <ClCompile Include="Win32\WglContext.cpp" />
    <ClCompile Include="Win32\WglExtensions.cpp" />
    <ClCompile Include="Win32\WindowImplWin32.cpp" />
    <ClCompile Include="Win32\InputImpl.cpp">
      <Filter>Source</Filter>
    </ClCompile>
    <ClCompile Include="Win32\JoystickImpl.cpp" />
    <ClCompile Include="Win32\SensorImpl.cpp" />
    <ClCompile Include="Win32\VideoModeImpl.cpp" />
    <ClCompile Include="Win32\WglContext.cpp" />
    <ClCompile Include="Win32\WglExtensions.cpp" />
    <ClCompile Include="Win32\WindowImplWin32.cpp" />
  </ItemGroup>
  <ItemGroup>
    <ClInclude Include="..\..\..\include\SFML\Window\Context.hpp">
      <Filter>Header</Filter>
    </ClInclude>
    <ClInclude Include="..\..\..\include\SFML\Window\ContextSettings.hpp" />
    <ClInclude Include="..\..\..\include\SFML\Window\Event.hpp" />
    <ClInclude Include="..\..\..\include\SFML\Window\Export.hpp" />
    <ClInclude Include="..\..\..\include\SFML\Window\GlResource.hpp" />
    <ClInclude Include="..\..\..\include\SFML\Window\Joystick.hpp" />
    <ClInclude Include="..\..\..\include\SFML\Window\Keyboard.hpp" />
    <ClInclude Include="..\..\..\include\SFML\Window\Mouse.hpp" />
    <ClInclude Include="..\..\..\include\SFML\Window\Sensor.hpp" />
    <ClInclude Include="..\..\..\include\SFML\Window\Touch.hpp" />
    <ClInclude Include="..\..\..\include\SFML\Window\VideoMode.hpp" />
    <ClInclude Include="..\..\..\include\SFML\Window\Window.hpp" />
    <ClInclude Include="..\..\..\include\SFML\Window\WindowHandle.hpp" />
    <ClInclude Include="..\..\..\include\SFML\Window\WindowStyle.hpp" />
    <ClInclude Include="..\..\..\include\SFML\Window\Context.hpp">
      <Filter>Header</Filter>
    </ClInclude>
    <ClInclude Include="..\..\..\include\SFML\Window\ContextSettings.hpp" />
    <ClInclude Include="..\..\..\include\SFML\Window\Event.hpp" />
    <ClInclude Include="..\..\..\include\SFML\Window\Export.hpp" />
    <ClInclude Include="..\..\..\include\SFML\Window\GlResource.hpp" />
    <ClInclude Include="..\..\..\include\SFML\Window\Joystick.hpp" />
    <ClInclude Include="..\..\..\include\SFML\Window\Keyboard.hpp" />
    <ClInclude Include="..\..\..\include\SFML\Window\Mouse.hpp" />
    <ClInclude Include="..\..\..\include\SFML\Window\Sensor.hpp" />
    <ClInclude Include="..\..\..\include\SFML\Window\Touch.hpp" />
    <ClInclude Include="..\..\..\include\SFML\Window\VideoMode.hpp" />
    <ClInclude Include="..\..\..\include\SFML\Window\Window.hpp" />
    <ClInclude Include="..\..\..\include\SFML\Window\WindowHandle.hpp" />
    <ClInclude Include="..\..\..\include\SFML\Window\WindowStyle.hpp" />
    <ClInclude Include="..\..\..\include\SFML\Window\Context.hpp">
      <Filter>Header</Filter>
    </ClInclude>
    <ClInclude Include="..\..\..\include\SFML\Window\ContextSettings.hpp" />
    <ClInclude Include="..\..\..\include\SFML\Window\Event.hpp" />
    <ClInclude Include="..\..\..\include\SFML\Window\Export.hpp" />
    <ClInclude Include="..\..\..\include\SFML\Window\GlResource.hpp" />
    <ClInclude Include="..\..\..\include\SFML\Window\Joystick.hpp" />
    <ClInclude Include="..\..\..\include\SFML\Window\Keyboard.hpp" />
    <ClInclude Include="..\..\..\include\SFML\Window\Mouse.hpp" />
    <ClInclude Include="..\..\..\include\SFML\Window\Sensor.hpp" />
    <ClInclude Include="..\..\..\include\SFML\Window\Touch.hpp" />
    <ClInclude Include="..\..\..\include\SFML\Window\VideoMode.hpp" />
    <ClInclude Include="..\..\..\include\SFML\Window\Window.hpp" />
    <ClInclude Include="..\..\..\include\SFML\Window\WindowHandle.hpp" />
    <ClInclude Include="..\..\..\include\SFML\Window\WindowStyle.hpp" />
    <ClInclude Include="..\..\..\include\SFML\Window\Context.hpp">
      <Filter>Header</Filter>
    </ClInclude>
    <ClInclude Include="..\..\..\include\SFML\Window\ContextSettings.hpp" />
    <ClInclude Include="..\..\..\include\SFML\Window\Event.hpp" />
    <ClInclude Include="..\..\..\include\SFML\Window\Export.hpp" />
    <ClInclude Include="..\..\..\include\SFML\Window\GlResource.hpp" />
    <ClInclude Include="..\..\..\include\SFML\Window\Joystick.hpp" />
    <ClInclude Include="..\..\..\include\SFML\Window\Keyboard.hpp" />
    <ClInclude Include="..\..\..\include\SFML\Window\Mouse.hpp" />
    <ClInclude Include="..\..\..\include\SFML\Window\Sensor.hpp" />
    <ClInclude Include="..\..\..\include\SFML\Window\Touch.hpp" />
    <ClInclude Include="..\..\..\include\SFML\Window\VideoMode.hpp" />
    <ClInclude Include="..\..\..\include\SFML\Window\Window.hpp" />
    <ClInclude Include="..\..\..\include\SFML\Window\WindowHandle.hpp" />
    <ClInclude Include="..\..\..\include\SFML\Window\WindowStyle.hpp" />
    <ClInclude Include="..\..\..\include\SFML\Window\Context.hpp">
      <Filter>Header</Filter>
    </ClInclude>
    <ClInclude Include="..\..\..\include\SFML\Window\ContextSettings.hpp" />
    <ClInclude Include="..\..\..\include\SFML\Window\Event.hpp" />
    <ClInclude Include="..\..\..\include\SFML\Window\Export.hpp" />
    <ClInclude Include="..\..\..\include\SFML\Window\GlResource.hpp" />
    <ClInclude Include="..\..\..\include\SFML\Window\Joystick.hpp" />
    <ClInclude Include="..\..\..\include\SFML\Window\Keyboard.hpp" />
    <ClInclude Include="..\..\..\include\SFML\Window\Mouse.hpp" />
    <ClInclude Include="..\..\..\include\SFML\Window\Sensor.hpp" />
    <ClInclude Include="..\..\..\include\SFML\Window\Touch.hpp" />
    <ClInclude Include="..\..\..\include\SFML\Window\VideoMode.hpp" />
    <ClInclude Include="..\..\..\include\SFML\Window\Window.hpp" />
    <ClInclude Include="..\..\..\include\SFML\Window\WindowHandle.hpp" />
    <ClInclude Include="..\..\..\include\SFML\Window\WindowStyle.hpp" />
    <ClInclude Include="..\..\..\include\SFML\Window\Context.hpp">
      <Filter>Header</Filter>
    </ClInclude>
    <ClInclude Include="..\..\..\include\SFML\Window\ContextSettings.hpp" />
    <ClInclude Include="..\..\..\include\SFML\Window\Event.hpp" />
    <ClInclude Include="..\..\..\include\SFML\Window\Export.hpp" />
    <ClInclude Include="..\..\..\include\SFML\Window\GlResource.hpp" />
    <ClInclude Include="..\..\..\include\SFML\Window\Joystick.hpp" />
    <ClInclude Include="..\..\..\include\SFML\Window\Keyboard.hpp" />
    <ClInclude Include="..\..\..\include\SFML\Window\Mouse.hpp" />
    <ClInclude Include="..\..\..\include\SFML\Window\Sensor.hpp" />
    <ClInclude Include="..\..\..\include\SFML\Window\Touch.hpp" />
    <ClInclude Include="..\..\..\include\SFML\Window\VideoMode.hpp" />
    <ClInclude Include="..\..\..\include\SFML\Window\Window.hpp" />
    <ClInclude Include="..\..\..\include\SFML\Window\WindowHandle.hpp" />
    <ClInclude Include="..\..\..\include\SFML\Window\WindowStyle.hpp" />
    <ClInclude Include="..\..\..\include\SFML\Window\Context.hpp">
      <Filter>Header</Filter>
    </ClInclude>
    <ClInclude Include="..\..\..\include\SFML\Window\ContextSettings.hpp" />
    <ClInclude Include="..\..\..\include\SFML\Window\Event.hpp" />
    <ClInclude Include="..\..\..\include\SFML\Window\Export.hpp" />
    <ClInclude Include="..\..\..\include\SFML\Window\GlResource.hpp" />
    <ClInclude Include="..\..\..\include\SFML\Window\Joystick.hpp" />
    <ClInclude Include="..\..\..\include\SFML\Window\Keyboard.hpp" />
    <ClInclude Include="..\..\..\include\SFML\Window\Mouse.hpp" />
    <ClInclude Include="..\..\..\include\SFML\Window\Sensor.hpp" />
    <ClInclude Include="..\..\..\include\SFML\Window\Touch.hpp" />
    <ClInclude Include="..\..\..\include\SFML\Window\VideoMode.hpp" />
    <ClInclude Include="..\..\..\include\SFML\Window\Window.hpp" />
    <ClInclude Include="..\..\..\include\SFML\Window\WindowHandle.hpp" />
    <ClInclude Include="..\..\..\include\SFML\Window\WindowStyle.hpp" />
    <ClInclude Include="..\..\..\include\SFML\Window\Context.hpp">
      <Filter>Header</Filter>
    </ClInclude>
    <ClInclude Include="..\..\..\include\SFML\Window\ContextSettings.hpp" />
    <ClInclude Include="..\..\..\include\SFML\Window\Event.hpp" />
    <ClInclude Include="..\..\..\include\SFML\Window\Export.hpp" />
    <ClInclude Include="..\..\..\include\SFML\Window\GlResource.hpp" />
    <ClInclude Include="..\..\..\include\SFML\Window\Joystick.hpp" />
    <ClInclude Include="..\..\..\include\SFML\Window\Keyboard.hpp" />
    <ClInclude Include="..\..\..\include\SFML\Window\Mouse.hpp" />
    <ClInclude Include="..\..\..\include\SFML\Window\Sensor.hpp" />
    <ClInclude Include="..\..\..\include\SFML\Window\Touch.hpp" />
    <ClInclude Include="..\..\..\include\SFML\Window\VideoMode.hpp" />
    <ClInclude Include="..\..\..\include\SFML\Window\Window.hpp" />
    <ClInclude Include="..\..\..\include\SFML\Window\WindowHandle.hpp" />
    <ClInclude Include="..\..\..\include\SFML\Window\WindowStyle.hpp" />
    <ClInclude Include="..\..\..\include\SFML\Window\Context.hpp">
      <Filter>Header</Filter>
    </ClInclude>
    <ClInclude Include="..\..\..\include\SFML\Window\ContextSettings.hpp" />
    <ClInclude Include="..\..\..\include\SFML\Window\Event.hpp" />
    <ClInclude Include="..\..\..\include\SFML\Window\Export.hpp" />
    <ClInclude Include="..\..\..\include\SFML\Window\GlResource.hpp" />
    <ClInclude Include="..\..\..\include\SFML\Window\Joystick.hpp" />
    <ClInclude Include="..\..\..\include\SFML\Window\Keyboard.hpp" />
    <ClInclude Include="..\..\..\include\SFML\Window\Mouse.hpp" />
    <ClInclude Include="..\..\..\include\SFML\Window\Sensor.hpp" />
    <ClInclude Include="..\..\..\include\SFML\Window\Touch.hpp" />
    <ClInclude Include="..\..\..\include\SFML\Window\VideoMode.hpp" />
    <ClInclude Include="..\..\..\include\SFML\Window\Window.hpp" />
    <ClInclude Include="..\..\..\include\SFML\Window\WindowHandle.hpp" />
    <ClInclude Include="..\..\..\include\SFML\Window\WindowStyle.hpp" />
    <ClInclude Include="..\..\..\include\SFML\Window\Context.hpp">
      <Filter>Header</Filter>
    </ClInclude>
    <ClInclude Include="..\..\..\include\SFML\Window\ContextSettings.hpp" />
    <ClInclude Include="..\..\..\include\SFML\Window\Event.hpp" />
    <ClInclude Include="..\..\..\include\SFML\Window\Export.hpp" />
    <ClInclude Include="..\..\..\include\SFML\Window\GlResource.hpp" />
    <ClInclude Include="..\..\..\include\SFML\Window\Joystick.hpp" />
    <ClInclude Include="..\..\..\include\SFML\Window\Keyboard.hpp" />
    <ClInclude Include="..\..\..\include\SFML\Window\Mouse.hpp" />
    <ClInclude Include="..\..\..\include\SFML\Window\Sensor.hpp" />
    <ClInclude Include="..\..\..\include\SFML\Window\Touch.hpp" />
    <ClInclude Include="..\..\..\include\SFML\Window\VideoMode.hpp" />
    <ClInclude Include="..\..\..\include\SFML\Window\Window.hpp" />
    <ClInclude Include="..\..\..\include\SFML\Window\WindowHandle.hpp" />
    <ClInclude Include="..\..\..\include\SFML\Window\WindowStyle.hpp" />
    <ClInclude Include="..\..\..\include\SFML\Window\Context.hpp">
      <Filter>Header</Filter>
    </ClInclude>
    <ClInclude Include="..\..\..\include\SFML\Window\ContextSettings.hpp" />
    <ClInclude Include="..\..\..\include\SFML\Window\Event.hpp" />
    <ClInclude Include="..\..\..\include\SFML\Window\Export.hpp" />
    <ClInclude Include="..\..\..\include\SFML\Window\GlResource.hpp" />
    <ClInclude Include="..\..\..\include\SFML\Window\Joystick.hpp" />
    <ClInclude Include="..\..\..\include\SFML\Window\Keyboard.hpp" />
    <ClInclude Include="..\..\..\include\SFML\Window\Mouse.hpp" />
    <ClInclude Include="..\..\..\include\SFML\Window\Sensor.hpp" />
    <ClInclude Include="..\..\..\include\SFML\Window\Touch.hpp" />
    <ClInclude Include="..\..\..\include\SFML\Window\VideoMode.hpp" />
    <ClInclude Include="..\..\..\include\SFML\Window\Window.hpp" />
    <ClInclude Include="..\..\..\include\SFML\Window\WindowHandle.hpp" />
    <ClInclude Include="..\..\..\include\SFML\Window\WindowStyle.hpp" />
    <ClInclude Include="..\..\..\include\SFML\Window\Context.hpp">
      <Filter>Header</Filter>
    </ClInclude>
    <ClInclude Include="..\..\..\include\SFML\Window\ContextSettings.hpp" />
    <ClInclude Include="..\..\..\include\SFML\Window\Event.hpp" />
    <ClInclude Include="..\..\..\include\SFML\Window\Export.hpp" />
    <ClInclude Include="..\..\..\include\SFML\Window\GlResource.hpp" />
    <ClInclude Include="..\..\..\include\SFML\Window\Joystick.hpp" />
    <ClInclude Include="..\..\..\include\SFML\Window\Keyboard.hpp" />
    <ClInclude Include="..\..\..\include\SFML\Window\Mouse.hpp" />
    <ClInclude Include="..\..\..\include\SFML\Window\Sensor.hpp" />
    <ClInclude Include="..\..\..\include\SFML\Window\Touch.hpp" />
    <ClInclude Include="..\..\..\include\SFML\Window\VideoMode.hpp" />
    <ClInclude Include="..\..\..\include\SFML\Window\Window.hpp" />
    <ClInclude Include="..\..\..\include\SFML\Window\WindowHandle.hpp" />
    <ClInclude Include="..\..\..\include\SFML\Window\WindowStyle.hpp" />
    <ClInclude Include="..\..\..\include\SFML\Window\Context.hpp">
      <Filter>Header</Filter>
    </ClInclude>
    <ClInclude Include="..\..\..\include\SFML\Window\ContextSettings.hpp" />
    <ClInclude Include="..\..\..\include\SFML\Window\Event.hpp" />
    <ClInclude Include="..\..\..\include\SFML\Window\Export.hpp" />
    <ClInclude Include="..\..\..\include\SFML\Window\GlResource.hpp" />
    <ClInclude Include="..\..\..\include\SFML\Window\Joystick.hpp" />
    <ClInclude Include="..\..\..\include\SFML\Window\Keyboard.hpp" />
    <ClInclude Include="..\..\..\include\SFML\Window\Mouse.hpp" />
    <ClInclude Include="..\..\..\include\SFML\Window\Sensor.hpp" />
    <ClInclude Include="..\..\..\include\SFML\Window\Touch.hpp" />
    <ClInclude Include="..\..\..\include\SFML\Window\VideoMode.hpp" />
    <ClInclude Include="..\..\..\include\SFML\Window\Window.hpp" />
    <ClInclude Include="..\..\..\include\SFML\Window\WindowHandle.hpp" />
    <ClInclude Include="..\..\..\include\SFML\Window\WindowStyle.hpp" />
    <ClInclude Include="..\..\..\include\SFML\Window\Context.hpp">
      <Filter>Header</Filter>
    </ClInclude>
    <ClInclude Include="..\..\..\include\SFML\Window\ContextSettings.hpp" />
    <ClInclude Include="..\..\..\include\SFML\Window\Event.hpp" />
    <ClInclude Include="..\..\..\include\SFML\Window\Export.hpp" />
    <ClInclude Include="..\..\..\include\SFML\Window\GlResource.hpp" />
    <ClInclude Include="..\..\..\include\SFML\Window\Joystick.hpp" />
    <ClInclude Include="..\..\..\include\SFML\Window\Keyboard.hpp" />
    <ClInclude Include="..\..\..\include\SFML\Window\Mouse.hpp" />
    <ClInclude Include="..\..\..\include\SFML\Window\Sensor.hpp" />
    <ClInclude Include="..\..\..\include\SFML\Window\Touch.hpp" />
    <ClInclude Include="..\..\..\include\SFML\Window\VideoMode.hpp" />
    <ClInclude Include="..\..\..\include\SFML\Window\Window.hpp" />
    <ClInclude Include="..\..\..\include\SFML\Window\WindowHandle.hpp" />
    <ClInclude Include="..\..\..\include\SFML\Window\WindowStyle.hpp" />
    <ClInclude Include="GlContext.hpp">
      <Filter>Header</Filter>
    </ClInclude>
    <ClInclude Include="InputImpl.hpp" />
    <ClInclude Include="JoystickImpl.hpp" />
    <ClInclude Include="JoystickManager.hpp" />
    <ClInclude Include="SensorImpl.hpp" />
    <ClInclude Include="SensorManager.hpp" />
    <ClInclude Include="VideoModeImpl.hpp" />
    <ClInclude Include="WindowImpl.hpp" />
    <ClInclude Include="GlContext.hpp">
      <Filter>Header</Filter>
    </ClInclude>
    <ClInclude Include="InputImpl.hpp" />
    <ClInclude Include="JoystickImpl.hpp" />
    <ClInclude Include="JoystickManager.hpp" />
    <ClInclude Include="SensorImpl.hpp" />
    <ClInclude Include="SensorManager.hpp" />
    <ClInclude Include="VideoModeImpl.hpp" />
    <ClInclude Include="WindowImpl.hpp" />
    <ClInclude Include="GlContext.hpp">
      <Filter>Header</Filter>
    </ClInclude>
    <ClInclude Include="InputImpl.hpp" />
    <ClInclude Include="JoystickImpl.hpp" />
    <ClInclude Include="JoystickManager.hpp" />
    <ClInclude Include="SensorImpl.hpp" />
    <ClInclude Include="SensorManager.hpp" />
    <ClInclude Include="VideoModeImpl.hpp" />
    <ClInclude Include="WindowImpl.hpp" />
    <ClInclude Include="GlContext.hpp">
      <Filter>Header</Filter>
    </ClInclude>
    <ClInclude Include="InputImpl.hpp" />
    <ClInclude Include="JoystickImpl.hpp" />
    <ClInclude Include="JoystickManager.hpp" />
    <ClInclude Include="SensorImpl.hpp" />
    <ClInclude Include="SensorManager.hpp" />
    <ClInclude Include="VideoModeImpl.hpp" />
    <ClInclude Include="WindowImpl.hpp" />
    <ClInclude Include="GlContext.hpp">
      <Filter>Header</Filter>
    </ClInclude>
    <ClInclude Include="InputImpl.hpp" />
    <ClInclude Include="JoystickImpl.hpp" />
    <ClInclude Include="JoystickManager.hpp" />
    <ClInclude Include="SensorImpl.hpp" />
    <ClInclude Include="SensorManager.hpp" />
    <ClInclude Include="VideoModeImpl.hpp" />
    <ClInclude Include="WindowImpl.hpp" />
    <ClInclude Include="GlContext.hpp">
      <Filter>Header</Filter>
    </ClInclude>
    <ClInclude Include="InputImpl.hpp" />
    <ClInclude Include="JoystickImpl.hpp" />
    <ClInclude Include="JoystickManager.hpp" />
    <ClInclude Include="SensorImpl.hpp" />
    <ClInclude Include="SensorManager.hpp" />
    <ClInclude Include="VideoModeImpl.hpp" />
    <ClInclude Include="WindowImpl.hpp" />
    <ClInclude Include="GlContext.hpp">
      <Filter>Header</Filter>
    </ClInclude>
    <ClInclude Include="InputImpl.hpp" />
    <ClInclude Include="JoystickImpl.hpp" />
    <ClInclude Include="JoystickManager.hpp" />
    <ClInclude Include="SensorImpl.hpp" />
    <ClInclude Include="SensorManager.hpp" />
    <ClInclude Include="VideoModeImpl.hpp" />
    <ClInclude Include="WindowImpl.hpp" />
    <ClInclude Include="GlContext.hpp">
      <Filter>Header</Filter>
    </ClInclude>
    <ClInclude Include="InputImpl.hpp" />
    <ClInclude Include="JoystickImpl.hpp" />
    <ClInclude Include="JoystickManager.hpp" />
    <ClInclude Include="SensorImpl.hpp" />
    <ClInclude Include="SensorManager.hpp" />
    <ClInclude Include="VideoModeImpl.hpp" />
    <ClInclude Include="WindowImpl.hpp" />
    <ClInclude Include="Win32\InputImpl.hpp">
      <Filter>Header</Filter>
    </ClInclude>
    <ClInclude Include="Win32\JoystickImpl.hpp" />
    <ClInclude Include="Win32\SensorImpl.hpp" />
    <ClInclude Include="Win32\WglContext.hpp" />
    <ClInclude Include="Win32\WglExtensions.hpp" />
    <ClInclude Include="Win32\WindowImplWin32.hpp" />
    <ClInclude Include="Win32\InputImpl.hpp">
      <Filter>Header</Filter>
    </ClInclude>
    <ClInclude Include="Win32\JoystickImpl.hpp" />
    <ClInclude Include="Win32\SensorImpl.hpp" />
    <ClInclude Include="Win32\WglContext.hpp" />
    <ClInclude Include="Win32\WglExtensions.hpp" />
    <ClInclude Include="Win32\WindowImplWin32.hpp" />
    <ClInclude Include="Win32\InputImpl.hpp">
      <Filter>Header</Filter>
    </ClInclude>
    <ClInclude Include="Win32\JoystickImpl.hpp" />
    <ClInclude Include="Win32\SensorImpl.hpp" />
    <ClInclude Include="Win32\WglContext.hpp" />
    <ClInclude Include="Win32\WglExtensions.hpp" />
    <ClInclude Include="Win32\WindowImplWin32.hpp" />
    <ClInclude Include="Win32\InputImpl.hpp">
      <Filter>Header</Filter>
    </ClInclude>
    <ClInclude Include="Win32\JoystickImpl.hpp" />
    <ClInclude Include="Win32\SensorImpl.hpp" />
    <ClInclude Include="Win32\WglContext.hpp" />
    <ClInclude Include="Win32\WglExtensions.hpp" />
    <ClInclude Include="Win32\WindowImplWin32.hpp" />
    <ClInclude Include="Win32\InputImpl.hpp">
      <Filter>Header</Filter>
    </ClInclude>
    <ClInclude Include="Win32\JoystickImpl.hpp" />
    <ClInclude Include="Win32\SensorImpl.hpp" />
    <ClInclude Include="Win32\WglContext.hpp" />
    <ClInclude Include="Win32\WglExtensions.hpp" />
    <ClInclude Include="Win32\WindowImplWin32.hpp" />
    <ClInclude Include="Win32\InputImpl.hpp">
      <Filter>Header</Filter>
    </ClInclude>
    <ClInclude Include="Win32\JoystickImpl.hpp" />
    <ClInclude Include="Win32\SensorImpl.hpp" />
    <ClInclude Include="Win32\WglContext.hpp" />
    <ClInclude Include="Win32\WglExtensions.hpp" />
    <ClInclude Include="Win32\WindowImplWin32.hpp" />
  </ItemGroup>
  <ItemGroup>
    <Text Include="Win32\WglExtensions.txt" />
  </ItemGroup>
</Project>